<?xml version="1.0" encoding="UTF-8"?>
<Project ToolsVersion="12.0" xmlns="http://schemas.microsoft.com/developer/msbuild/2003">
  <ItemGroup>
    <ClCompile Include="C:\Users\VizLab\Desktop\stellarium\stellarium-0.15.1\plugins\MeteorShowers\src\MeteorShower.cpp">
      <Filter>Source Files</Filter>
    </ClCompile>
    <ClCompile Include="C:\Users\VizLab\Desktop\stellarium\stellarium-0.15.1\plugins\MeteorShowers\src\MeteorShowers.cpp">
      <Filter>Source Files</Filter>
    </ClCompile>
    <ClCompile Include="C:\Users\VizLab\Desktop\stellarium\stellarium-0.15.1\plugins\MeteorShowers\src\MeteorShowersMgr.cpp">
      <Filter>Source Files</Filter>
    </ClCompile>
    <ClCompile Include="C:\Users\VizLab\Desktop\stellarium\stellarium-0.15.1\plugins\MeteorShowers\src\MeteorObj.cpp">
      <Filter>Source Files</Filter>
    </ClCompile>
    <ClCompile Include="C:\Users\VizLab\Desktop\stellarium\stellarium-0.15.1\plugins\MeteorShowers\src\gui\MSConfigDialog.cpp">
      <Filter>Source Files</Filter>
    </ClCompile>
    <ClCompile Include="C:\Users\VizLab\Desktop\stellarium\stellarium-0.15.1\plugins\MeteorShowers\src\gui\MSSearchDialog.cpp">
      <Filter>Source Files</Filter>
    </ClCompile>
    <ClCompile Include="C:\Users\VizLab\Desktop\stellarium\stellarium-0.15.1\builds\msvc2013\plugins\MeteorShowers\src\qrc_MeteorShower.cpp">
      <Filter>Source Files</Filter>
    </ClCompile>
    <ClCompile Include="C:\Users\VizLab\Desktop\stellarium\stellarium-0.15.1\builds\msvc2013\plugins\MeteorShowers\src\MeteorShowers-static_automoc.cpp">
      <Filter>Source Files</Filter>
    </ClCompile>
  </ItemGroup>
  <ItemGroup>
    <ClInclude Include="C:\Users\VizLab\Desktop\stellarium\stellarium-0.15.1\plugins\MeteorShowers\src\MeteorShower.hpp">
      <Filter>Header Files</Filter>
    </ClInclude>
    <ClInclude Include="C:\Users\VizLab\Desktop\stellarium\stellarium-0.15.1\plugins\MeteorShowers\src\MeteorShowers.hpp">
      <Filter>Header Files</Filter>
    </ClInclude>
    <ClInclude Include="C:\Users\VizLab\Desktop\stellarium\stellarium-0.15.1\plugins\MeteorShowers\src\MeteorShowersMgr.hpp">
      <Filter>Header Files</Filter>
    </ClInclude>
    <ClInclude Include="C:\Users\VizLab\Desktop\stellarium\stellarium-0.15.1\plugins\MeteorShowers\src\MeteorObj.hpp">
      <Filter>Header Files</Filter>
    </ClInclude>
    <ClInclude Include="C:\Users\VizLab\Desktop\stellarium\stellarium-0.15.1\plugins\MeteorShowers\src\gui\MSConfigDialog.hpp">
      <Filter>Header Files</Filter>
    </ClInclude>
    <ClInclude Include="C:\Users\VizLab\Desktop\stellarium\stellarium-0.15.1\plugins\MeteorShowers\src\gui\MSSearchDialog.hpp">
      <Filter>Header Files</Filter>
    </ClInclude>
    <ClInclude Include="C:\Users\VizLab\Desktop\stellarium\stellarium-0.15.1\plugins\MeteorShowers\src\translations.h">
      <Filter>Header Files</Filter>
    </ClInclude>
    <ClInclude Include="C:\Users\VizLab\Desktop\stellarium\stellarium-0.15.1\builds\msvc2013\plugins\MeteorShowers\src\ui_MSConfigDialog.h">
      <Filter>Header Files</Filter>
    </ClInclude>
    <ClInclude Include="C:\Users\VizLab\Desktop\stellarium\stellarium-0.15.1\builds\msvc2013\plugins\MeteorShowers\src\ui_MSSearchDialog.h">
      <Filter>Header Files</Filter>
    </ClInclude>
  </ItemGroup>
  <ItemGroup>
    <CustomBuild Include="C:\Users\VizLab\Desktop\stellarium\stellarium-0.15.1\plugins\MeteorShowers\src\CMakeLists.txt" />
    <CustomBuild Include="C:\Users\VizLab\Desktop\stellarium\stellarium-0.15.1\plugins\MeteorShowers\resources\MeteorShower.qrc" />
    <CustomBuild Include="C:\Users\VizLab\Desktop\stellarium\stellarium-0.15.1\plugins\MeteorShowers\src\gui\MSConfigDialog.ui" />
    <CustomBuild Include="C:\Users\VizLab\Desktop\stellarium\stellarium-0.15.1\plugins\MeteorShowers\src\gui\MSSearchDialog.ui" />
  </ItemGroup>
  <ItemGroup>
    <Filter Include="Source Files">
      <UniqueIdentifier>{A199443D-0E93-36FD-86E9-B16A8F15420F}</UniqueIdentifier>
    </Filter>
    <Filter Include="Header Files">
      <UniqueIdentifier>{DC05B862-2114-309E-BF00-121AE70D1F94}</UniqueIdentifier>
    </Filter>
  </ItemGroup>
</Project>
