Microsoft Visual Studio Solution File, Format Version 12.00
# Visual Studio 2013
Project("{8BC9CEB8-8B4A-11D0-8D11-00A0C91BC942}") = "ALL_BUILD", "ALL_BUILD.vcxproj", "{1D0E06F7-C906-30E6-923F-608D54988B07}"
	ProjectSection(ProjectDependencies) = postProject
		{8F475F34-9AEE-3EA6-A11A-25F7C5419895} = {8F475F34-9AEE-3EA6-A11A-25F7C5419895}
		{23255D57-1524-3BF5-9CC4-6ACED1B39056} = {23255D57-1524-3BF5-9CC4-6ACED1B39056}
		{02467420-4020-3A34-AF93-11030E0AD5CC} = {02467420-4020-3A34-AF93-11030E0AD5CC}
		{7FEA6CD0-4065-37AF-A65F-9F3919BDB397} = {7FEA6CD0-4065-37AF-A65F-9F3919BDB397}
		{F0BEE7AC-0911-3963-99DD-9FC61176B475} = {F0BEE7AC-0911-3963-99DD-9FC61176B475}
		{BD89B4DC-E9CF-37B4-95BA-7F9AFDEA95AA} = {BD89B4DC-E9CF-37B4-95BA-7F9AFDEA95AA}
		{DF573C33-F67F-31BE-8A6A-C40AC5C3CBCA} = {DF573C33-F67F-31BE-8A6A-C40AC5C3CBCA}
		{78D44024-D13F-383A-8509-00311642FF29} = {78D44024-D13F-383A-8509-00311642FF29}
		{42E68BA8-0E2B-350B-821D-68C7E6188486} = {42E68BA8-0E2B-350B-821D-68C7E6188486}
		{38DAEDB7-3E49-3043-BA10-6ECBA062E8B2} = {38DAEDB7-3E49-3043-BA10-6ECBA062E8B2}
		{B60DBCF3-002A-3222-825E-01E9BE4E50A0} = {B60DBCF3-002A-3222-825E-01E9BE4E50A0}
		{52B5974F-0005-364D-B1BD-4FEB43861E4C} = {52B5974F-0005-364D-B1BD-4FEB43861E4C}
		{39D76514-0867-34F8-8715-471B75F04E87} = {39D76514-0867-34F8-8715-471B75F04E87}
		{47EEDCE0-4F99-3B3F-AA73-A41661C0EF68} = {47EEDCE0-4F99-3B3F-AA73-A41661C0EF68}
		{FD69A25C-7F89-389E-92AA-64E1A2C47684} = {FD69A25C-7F89-389E-92AA-64E1A2C47684}
		{9A8C8B06-D7B5-3936-931F-736D30686A7D} = {9A8C8B06-D7B5-3936-931F-736D30686A7D}
		{FCC00785-F63F-3B3B-B74F-48B64063C698} = {FCC00785-F63F-3B3B-B74F-48B64063C698}
		{38DFE66B-B5DA-3083-B821-8E801B370E97} = {38DFE66B-B5DA-3083-B821-8E801B370E97}
		{EDCC4724-05D7-3255-BB53-65C72C2AFA14} = {EDCC4724-05D7-3255-BB53-65C72C2AFA14}
		{ACD9F58B-3371-32C0-9270-8FCE300F72DD} = {ACD9F58B-3371-32C0-9270-8FCE300F72DD}
		{89E95E47-66E7-386A-B74A-1CE1D05E9B3A} = {89E95E47-66E7-386A-B74A-1CE1D05E9B3A}
		{E9A428B8-9D67-333C-9699-0498111655F7} = {E9A428B8-9D67-333C-9699-0498111655F7}
		{C13FFEC4-F3CE-3EBD-8130-FD6B1711EF13} = {C13FFEC4-F3CE-3EBD-8130-FD6B1711EF13}
		{EDB9969D-DB2A-388F-BA8C-17ED4998A2D2} = {EDB9969D-DB2A-388F-BA8C-17ED4998A2D2}
		{FE686C8F-2D3D-30AF-8625-04B18A1356C0} = {FE686C8F-2D3D-30AF-8625-04B18A1356C0}
		{BD3BA82D-6956-35C1-A684-6B2683A86DFF} = {BD3BA82D-6956-35C1-A684-6B2683A86DFF}
		{51EF9EEC-7D56-316B-ABA6-B5F8543C285E} = {51EF9EEC-7D56-316B-ABA6-B5F8543C285E}
		{74E68A2F-3116-36A4-855A-6399658AEBE3} = {74E68A2F-3116-36A4-855A-6399658AEBE3}
	EndProjectSection
EndProject
Project("{8BC9CEB8-8B4A-11D0-8D11-00A0C91BC942}") = "AllStaticPlugins", "AllStaticPlugins.vcxproj", "{8F475F34-9AEE-3EA6-A11A-25F7C5419895}"
	ProjectSection(ProjectDependencies) = postProject
		{23255D57-1524-3BF5-9CC4-6ACED1B39056} = {23255D57-1524-3BF5-9CC4-6ACED1B39056}
		{02467420-4020-3A34-AF93-11030E0AD5CC} = {02467420-4020-3A34-AF93-11030E0AD5CC}
		{7FEA6CD0-4065-37AF-A65F-9F3919BDB397} = {7FEA6CD0-4065-37AF-A65F-9F3919BDB397}
		{F0BEE7AC-0911-3963-99DD-9FC61176B475} = {F0BEE7AC-0911-3963-99DD-9FC61176B475}
		{BD89B4DC-E9CF-37B4-95BA-7F9AFDEA95AA} = {BD89B4DC-E9CF-37B4-95BA-7F9AFDEA95AA}
		{DF573C33-F67F-31BE-8A6A-C40AC5C3CBCA} = {DF573C33-F67F-31BE-8A6A-C40AC5C3CBCA}
		{78D44024-D13F-383A-8509-00311642FF29} = {78D44024-D13F-383A-8509-00311642FF29}
		{42E68BA8-0E2B-350B-821D-68C7E6188486} = {42E68BA8-0E2B-350B-821D-68C7E6188486}
		{38DAEDB7-3E49-3043-BA10-6ECBA062E8B2} = {38DAEDB7-3E49-3043-BA10-6ECBA062E8B2}
		{B60DBCF3-002A-3222-825E-01E9BE4E50A0} = {B60DBCF3-002A-3222-825E-01E9BE4E50A0}
		{52B5974F-0005-364D-B1BD-4FEB43861E4C} = {52B5974F-0005-364D-B1BD-4FEB43861E4C}
		{39D76514-0867-34F8-8715-471B75F04E87} = {39D76514-0867-34F8-8715-471B75F04E87}
		{47EEDCE0-4F99-3B3F-AA73-A41661C0EF68} = {47EEDCE0-4F99-3B3F-AA73-A41661C0EF68}
		{FD69A25C-7F89-389E-92AA-64E1A2C47684} = {FD69A25C-7F89-389E-92AA-64E1A2C47684}
		{9A8C8B06-D7B5-3936-931F-736D30686A7D} = {9A8C8B06-D7B5-3936-931F-736D30686A7D}
		{FCC00785-F63F-3B3B-B74F-48B64063C698} = {FCC00785-F63F-3B3B-B74F-48B64063C698}
		{38DFE66B-B5DA-3083-B821-8E801B370E97} = {38DFE66B-B5DA-3083-B821-8E801B370E97}
		{EDCC4724-05D7-3255-BB53-65C72C2AFA14} = {EDCC4724-05D7-3255-BB53-65C72C2AFA14}
		{ACD9F58B-3371-32C0-9270-8FCE300F72DD} = {ACD9F58B-3371-32C0-9270-8FCE300F72DD}
		{89E95E47-66E7-386A-B74A-1CE1D05E9B3A} = {89E95E47-66E7-386A-B74A-1CE1D05E9B3A}
		{E9A428B8-9D67-333C-9699-0498111655F7} = {E9A428B8-9D67-333C-9699-0498111655F7}
	EndProjectSection
EndProject
Project("{8BC9CEB8-8B4A-11D0-8D11-00A0C91BC942}") = "ArchaeoLines-static", "plugins\ArchaeoLines\src\ArchaeoLines-static.vcxproj", "{23255D57-1524-3BF5-9CC4-6ACED1B39056}"
	ProjectSection(ProjectDependencies) = postProject
		{E9A428B8-9D67-333C-9699-0498111655F7} = {E9A428B8-9D67-333C-9699-0498111655F7}
	EndProjectSection
EndProject
Project("{8BC9CEB8-8B4A-11D0-8D11-00A0C91BC942}") = "CompassMarks-static", "plugins\CompassMarks\src\CompassMarks-static.vcxproj", "{02467420-4020-3A34-AF93-11030E0AD5CC}"
	ProjectSection(ProjectDependencies) = postProject
		{E9A428B8-9D67-333C-9699-0498111655F7} = {E9A428B8-9D67-333C-9699-0498111655F7}
	EndProjectSection
EndProject
Project("{8BC9CEB8-8B4A-11D0-8D11-00A0C91BC942}") = "EquationOfTime-static", "plugins\EquationOfTime\src\EquationOfTime-static.vcxproj", "{7FEA6CD0-4065-37AF-A65F-9F3919BDB397}"
	ProjectSection(ProjectDependencies) = postProject
		{E9A428B8-9D67-333C-9699-0498111655F7} = {E9A428B8-9D67-333C-9699-0498111655F7}
	EndProjectSection
EndProject
Project("{8BC9CEB8-8B4A-11D0-8D11-00A0C91BC942}") = "Exoplanets-static", "plugins\Exoplanets\src\Exoplanets-static.vcxproj", "{F0BEE7AC-0911-3963-99DD-9FC61176B475}"
	ProjectSection(ProjectDependencies) = postProject
		{E9A428B8-9D67-333C-9699-0498111655F7} = {E9A428B8-9D67-333C-9699-0498111655F7}
	EndProjectSection
EndProject
Project("{8BC9CEB8-8B4A-11D0-8D11-00A0C91BC942}") = "FOV-static", "plugins\FOV\src\FOV-static.vcxproj", "{BD89B4DC-E9CF-37B4-95BA-7F9AFDEA95AA}"
	ProjectSection(ProjectDependencies) = postProject
		{E9A428B8-9D67-333C-9699-0498111655F7} = {E9A428B8-9D67-333C-9699-0498111655F7}
	EndProjectSection
EndProject
Project("{8BC9CEB8-8B4A-11D0-8D11-00A0C91BC942}") = "INSTALL", "INSTALL.vcxproj", "{DBD1149E-AD26-3983-9517-BF7CCD4D84E6}"
	ProjectSection(ProjectDependencies) = postProject
		{1D0E06F7-C906-30E6-923F-608D54988B07} = {1D0E06F7-C906-30E6-923F-608D54988B07}
		{E9A428B8-9D67-333C-9699-0498111655F7} = {E9A428B8-9D67-333C-9699-0498111655F7}
	EndProjectSection
EndProject
Project("{8BC9CEB8-8B4A-11D0-8D11-00A0C91BC942}") = "MeteorShowers-static", "plugins\MeteorShowers\src\MeteorShowers-static.vcxproj", "{DF573C33-F67F-31BE-8A6A-C40AC5C3CBCA}"
	ProjectSection(ProjectDependencies) = postProject
		{E9A428B8-9D67-333C-9699-0498111655F7} = {E9A428B8-9D67-333C-9699-0498111655F7}
	EndProjectSection
EndProject
Project("{8BC9CEB8-8B4A-11D0-8D11-00A0C91BC942}") = "NavStars-static", "plugins\NavStars\src\NavStars-static.vcxproj", "{78D44024-D13F-383A-8509-00311642FF29}"
	ProjectSection(ProjectDependencies) = postProject
		{E9A428B8-9D67-333C-9699-0498111655F7} = {E9A428B8-9D67-333C-9699-0498111655F7}
	EndProjectSection
EndProject
Project("{8BC9CEB8-8B4A-11D0-8D11-00A0C91BC942}") = "Novae-static", "plugins\Novae\src\Novae-static.vcxproj", "{42E68BA8-0E2B-350B-821D-68C7E6188486}"
	ProjectSection(ProjectDependencies) = postProject
		{E9A428B8-9D67-333C-9699-0498111655F7} = {E9A428B8-9D67-333C-9699-0498111655F7}
	EndProjectSection
EndProject
Project("{8BC9CEB8-8B4A-11D0-8D11-00A0C91BC942}") = "Observability-static", "plugins\Observability\src\Observability-static.vcxproj", "{38DAEDB7-3E49-3043-BA10-6ECBA062E8B2}"
	ProjectSection(ProjectDependencies) = postProject
		{E9A428B8-9D67-333C-9699-0498111655F7} = {E9A428B8-9D67-333C-9699-0498111655F7}
	EndProjectSection
EndProject
Project("{8BC9CEB8-8B4A-11D0-8D11-00A0C91BC942}") = "Oculars-static", "plugins\Oculars\src\Oculars-static.vcxproj", "{B60DBCF3-002A-3222-825E-01E9BE4E50A0}"
	ProjectSection(ProjectDependencies) = postProject
		{E9A428B8-9D67-333C-9699-0498111655F7} = {E9A428B8-9D67-333C-9699-0498111655F7}
	EndProjectSection
EndProject
Project("{8BC9CEB8-8B4A-11D0-8D11-00A0C91BC942}") = "PACKAGE", "PACKAGE.vcxproj", "{FDCA2525-50B9-3C61-8879-D425F6DFE9EE}"
	ProjectSection(ProjectDependencies) = postProject
		{1D0E06F7-C906-30E6-923F-608D54988B07} = {1D0E06F7-C906-30E6-923F-608D54988B07}
		{E9A428B8-9D67-333C-9699-0498111655F7} = {E9A428B8-9D67-333C-9699-0498111655F7}
	EndProjectSection
EndProject
Project("{8BC9CEB8-8B4A-11D0-8D11-00A0C91BC942}") = "PointerCoordinates-static", "plugins\PointerCoordinates\src\PointerCoordinates-static.vcxproj", "{52B5974F-0005-364D-B1BD-4FEB43861E4C}"
	ProjectSection(ProjectDependencies) = postProject
		{E9A428B8-9D67-333C-9699-0498111655F7} = {E9A428B8-9D67-333C-9699-0498111655F7}
	EndProjectSection
EndProject
Project("{8BC9CEB8-8B4A-11D0-8D11-00A0C91BC942}") = "Pulsars-static", "plugins\Pulsars\src\Pulsars-static.vcxproj", "{39D76514-0867-34F8-8715-471B75F04E87}"
	ProjectSection(ProjectDependencies) = postProject
		{E9A428B8-9D67-333C-9699-0498111655F7} = {E9A428B8-9D67-333C-9699-0498111655F7}
	EndProjectSection
EndProject
Project("{8BC9CEB8-8B4A-11D0-8D11-00A0C91BC942}") = "Quasars-static", "plugins\Quasars\src\Quasars-static.vcxproj", "{47EEDCE0-4F99-3B3F-AA73-A41661C0EF68}"
	ProjectSection(ProjectDependencies) = postProject
		{E9A428B8-9D67-333C-9699-0498111655F7} = {E9A428B8-9D67-333C-9699-0498111655F7}
	EndProjectSection
EndProject
Project("{8BC9CEB8-8B4A-11D0-8D11-00A0C91BC942}") = "RemoteControl-static", "plugins\RemoteControl\src\RemoteControl-static.vcxproj", "{FD69A25C-7F89-389E-92AA-64E1A2C47684}"
	ProjectSection(ProjectDependencies) = postProject
		{E9A428B8-9D67-333C-9699-0498111655F7} = {E9A428B8-9D67-333C-9699-0498111655F7}
	EndProjectSection
EndProject
Project("{8BC9CEB8-8B4A-11D0-8D11-00A0C91BC942}") = "Satellites-static", "plugins\Satellites\src\Satellites-static.vcxproj", "{9A8C8B06-D7B5-3936-931F-736D30686A7D}"
	ProjectSection(ProjectDependencies) = postProject
		{E9A428B8-9D67-333C-9699-0498111655F7} = {E9A428B8-9D67-333C-9699-0498111655F7}
	EndProjectSection
EndProject
Project("{8BC9CEB8-8B4A-11D0-8D11-00A0C91BC942}") = "Scenery3d-static", "plugins\Scenery3d\src\Scenery3d-static.vcxproj", "{FCC00785-F63F-3B3B-B74F-48B64063C698}"
	ProjectSection(ProjectDependencies) = postProject
		{E9A428B8-9D67-333C-9699-0498111655F7} = {E9A428B8-9D67-333C-9699-0498111655F7}
	EndProjectSection
EndProject
Project("{8BC9CEB8-8B4A-11D0-8D11-00A0C91BC942}") = "SolarSystemEditor-static", "plugins\SolarSystemEditor\src\SolarSystemEditor-static.vcxproj", "{38DFE66B-B5DA-3083-B821-8E801B370E97}"
	ProjectSection(ProjectDependencies) = postProject
		{E9A428B8-9D67-333C-9699-0498111655F7} = {E9A428B8-9D67-333C-9699-0498111655F7}
	EndProjectSection
EndProject
Project("{8BC9CEB8-8B4A-11D0-8D11-00A0C91BC942}") = "Supernovae-static", "plugins\Supernovae\src\Supernovae-static.vcxproj", "{EDCC4724-05D7-3255-BB53-65C72C2AFA14}"
	ProjectSection(ProjectDependencies) = postProject
		{E9A428B8-9D67-333C-9699-0498111655F7} = {E9A428B8-9D67-333C-9699-0498111655F7}
	EndProjectSection
EndProject
Project("{8BC9CEB8-8B4A-11D0-8D11-00A0C91BC942}") = "TelescopeControl-static", "plugins\TelescopeControl\src\TelescopeControl-static.vcxproj", "{ACD9F58B-3371-32C0-9270-8FCE300F72DD}"
	ProjectSection(ProjectDependencies) = postProject
		{E9A428B8-9D67-333C-9699-0498111655F7} = {E9A428B8-9D67-333C-9699-0498111655F7}
	EndProjectSection
EndProject
Project("{8BC9CEB8-8B4A-11D0-8D11-00A0C91BC942}") = "TextUserInterface-static", "plugins\TextUserInterface\src\TextUserInterface-static.vcxproj", "{89E95E47-66E7-386A-B74A-1CE1D05E9B3A}"
	ProjectSection(ProjectDependencies) = postProject
		{E9A428B8-9D67-333C-9699-0498111655F7} = {E9A428B8-9D67-333C-9699-0498111655F7}
	EndProjectSection
EndProject
Project("{8BC9CEB8-8B4A-11D0-8D11-00A0C91BC942}") = "ZERO_CHECK", "ZERO_CHECK.vcxproj", "{E9A428B8-9D67-333C-9699-0498111655F7}"
	ProjectSection(ProjectDependencies) = postProject
	EndProjectSection
EndProject
Project("{8BC9CEB8-8B4A-11D0-8D11-00A0C91BC942}") = "buildTests", "src\buildTests.vcxproj", "{2021A212-2D96-3BFD-BE81-2E7975C0DFFA}"
	ProjectSection(ProjectDependencies) = postProject
		{E9A428B8-9D67-333C-9699-0498111655F7} = {E9A428B8-9D67-333C-9699-0498111655F7}
		{6E752B42-7962-3748-93EA-D8EF6DE0767E} = {6E752B42-7962-3748-93EA-D8EF6DE0767E}
		{200B0398-1BEF-35C8-8492-25F83F1D74D3} = {200B0398-1BEF-35C8-8492-25F83F1D74D3}
		{C240A6BC-EEC0-3C35-A19F-BBC82FF87EB2} = {C240A6BC-EEC0-3C35-A19F-BBC82FF87EB2}
		{6AC19172-ADF4-3F38-AC82-F361DB4BB419} = {6AC19172-ADF4-3F38-AC82-F361DB4BB419}
		{B653184E-F7A3-301D-8578-666B12D83861} = {B653184E-F7A3-301D-8578-666B12D83861}
		{79EF70D1-16AD-3822-9938-3F18599822B1} = {79EF70D1-16AD-3822-9938-3F18599822B1}
		{4C82DE64-6634-3D8B-B0E3-DD9AB0B07DB9} = {4C82DE64-6634-3D8B-B0E3-DD9AB0B07DB9}
		{6ED03985-20F2-3E4C-8A10-4914758A37D2} = {6ED03985-20F2-3E4C-8A10-4914758A37D2}
		{266B3164-EA72-3080-9465-830E80BCBB9A} = {266B3164-EA72-3080-9465-830E80BCBB9A}
		{74E2F5C2-ABE5-375D-997A-C883E10BFE2E} = {74E2F5C2-ABE5-375D-997A-C883E10BFE2E}
		{2684342B-AF9A-31C7-BD06-1647F84A97B5} = {2684342B-AF9A-31C7-BD06-1647F84A97B5}
		{EBA1CFEC-135E-3064-B136-63D4DC019E82} = {EBA1CFEC-135E-3064-B136-63D4DC019E82}
	EndProjectSection
EndProject
Project("{8BC9CEB8-8B4A-11D0-8D11-00A0C91BC942}") = "icon", "data\icon.vcxproj", "{C13FFEC4-F3CE-3EBD-8130-FD6B1711EF13}"
	ProjectSection(ProjectDependencies) = postProject
		{E9A428B8-9D67-333C-9699-0498111655F7} = {E9A428B8-9D67-333C-9699-0498111655F7}
	EndProjectSection
EndProject
Project("{8BC9CEB8-8B4A-11D0-8D11-00A0C91BC942}") = "splash", "data\splash.vcxproj", "{EDB9969D-DB2A-388F-BA8C-17ED4998A2D2}"
	ProjectSection(ProjectDependencies) = postProject
		{E9A428B8-9D67-333C-9699-0498111655F7} = {E9A428B8-9D67-333C-9699-0498111655F7}
	EndProjectSection
EndProject
Project("{8BC9CEB8-8B4A-11D0-8D11-00A0C91BC942}") = "stellarium", "src\stellarium.vcxproj", "{FE686C8F-2D3D-30AF-8625-04B18A1356C0}"
	ProjectSection(ProjectDependencies) = postProject
		{8F475F34-9AEE-3EA6-A11A-25F7C5419895} = {8F475F34-9AEE-3EA6-A11A-25F7C5419895}
		{23255D57-1524-3BF5-9CC4-6ACED1B39056} = {23255D57-1524-3BF5-9CC4-6ACED1B39056}
		{02467420-4020-3A34-AF93-11030E0AD5CC} = {02467420-4020-3A34-AF93-11030E0AD5CC}
		{7FEA6CD0-4065-37AF-A65F-9F3919BDB397} = {7FEA6CD0-4065-37AF-A65F-9F3919BDB397}
		{F0BEE7AC-0911-3963-99DD-9FC61176B475} = {F0BEE7AC-0911-3963-99DD-9FC61176B475}
		{BD89B4DC-E9CF-37B4-95BA-7F9AFDEA95AA} = {BD89B4DC-E9CF-37B4-95BA-7F9AFDEA95AA}
		{DF573C33-F67F-31BE-8A6A-C40AC5C3CBCA} = {DF573C33-F67F-31BE-8A6A-C40AC5C3CBCA}
		{78D44024-D13F-383A-8509-00311642FF29} = {78D44024-D13F-383A-8509-00311642FF29}
		{42E68BA8-0E2B-350B-821D-68C7E6188486} = {42E68BA8-0E2B-350B-821D-68C7E6188486}
		{38DAEDB7-3E49-3043-BA10-6ECBA062E8B2} = {38DAEDB7-3E49-3043-BA10-6ECBA062E8B2}
		{B60DBCF3-002A-3222-825E-01E9BE4E50A0} = {B60DBCF3-002A-3222-825E-01E9BE4E50A0}
		{52B5974F-0005-364D-B1BD-4FEB43861E4C} = {52B5974F-0005-364D-B1BD-4FEB43861E4C}
		{39D76514-0867-34F8-8715-471B75F04E87} = {39D76514-0867-34F8-8715-471B75F04E87}
		{47EEDCE0-4F99-3B3F-AA73-A41661C0EF68} = {47EEDCE0-4F99-3B3F-AA73-A41661C0EF68}
		{FD69A25C-7F89-389E-92AA-64E1A2C47684} = {FD69A25C-7F89-389E-92AA-64E1A2C47684}
		{9A8C8B06-D7B5-3936-931F-736D30686A7D} = {9A8C8B06-D7B5-3936-931F-736D30686A7D}
		{FCC00785-F63F-3B3B-B74F-48B64063C698} = {FCC00785-F63F-3B3B-B74F-48B64063C698}
		{38DFE66B-B5DA-3083-B821-8E801B370E97} = {38DFE66B-B5DA-3083-B821-8E801B370E97}
		{EDCC4724-05D7-3255-BB53-65C72C2AFA14} = {EDCC4724-05D7-3255-BB53-65C72C2AFA14}
		{ACD9F58B-3371-32C0-9270-8FCE300F72DD} = {ACD9F58B-3371-32C0-9270-8FCE300F72DD}
		{89E95E47-66E7-386A-B74A-1CE1D05E9B3A} = {89E95E47-66E7-386A-B74A-1CE1D05E9B3A}
		{E9A428B8-9D67-333C-9699-0498111655F7} = {E9A428B8-9D67-333C-9699-0498111655F7}
	EndProjectSection
EndProject
Project("{8BC9CEB8-8B4A-11D0-8D11-00A0C91BC942}") = "stellarium-installer", "stellarium-installer.vcxproj", "{6FEC10B9-C94A-3FA4-9530-1C477685591F}"
	ProjectSection(ProjectDependencies) = postProject
		{E9A428B8-9D67-333C-9699-0498111655F7} = {E9A428B8-9D67-333C-9699-0498111655F7}
	EndProjectSection
EndProject
Project("{8BC9CEB8-8B4A-11D0-8D11-00A0C91BC942}") = "testConversions", "src\testConversions.vcxproj", "{6E752B42-7962-3748-93EA-D8EF6DE0767E}"
	ProjectSection(ProjectDependencies) = postProject
		{E9A428B8-9D67-333C-9699-0498111655F7} = {E9A428B8-9D67-333C-9699-0498111655F7}
	EndProjectSection
EndProject
Project("{8BC9CEB8-8B4A-11D0-8D11-00A0C91BC942}") = "testDates", "src\testDates.vcxproj", "{200B0398-1BEF-35C8-8492-25F83F1D74D3}"
	ProjectSection(ProjectDependencies) = postProject
		{E9A428B8-9D67-333C-9699-0498111655F7} = {E9A428B8-9D67-333C-9699-0498111655F7}
	EndProjectSection
EndProject
Project("{8BC9CEB8-8B4A-11D0-8D11-00A0C91BC942}") = "testDeltaT", "src\testDeltaT.vcxproj", "{C240A6BC-EEC0-3C35-A19F-BBC82FF87EB2}"
	ProjectSection(ProjectDependencies) = postProject
		{E9A428B8-9D67-333C-9699-0498111655F7} = {E9A428B8-9D67-333C-9699-0498111655F7}
	EndProjectSection
EndProject
Project("{8BC9CEB8-8B4A-11D0-8D11-00A0C91BC942}") = "testEphemeris", "src\testEphemeris.vcxproj", "{6AC19172-ADF4-3F38-AC82-F361DB4BB419}"
	ProjectSection(ProjectDependencies) = postProject
		{E9A428B8-9D67-333C-9699-0498111655F7} = {E9A428B8-9D67-333C-9699-0498111655F7}
	EndProjectSection
EndProject
Project("{8BC9CEB8-8B4A-11D0-8D11-00A0C91BC942}") = "testExtinction", "src\testExtinction.vcxproj", "{B653184E-F7A3-301D-8578-666B12D83861}"
	ProjectSection(ProjectDependencies) = postProject
		{E9A428B8-9D67-333C-9699-0498111655F7} = {E9A428B8-9D67-333C-9699-0498111655F7}
	EndProjectSection
EndProject
Project("{8BC9CEB8-8B4A-11D0-8D11-00A0C91BC942}") = "testPrecession", "src\testPrecession.vcxproj", "{79EF70D1-16AD-3822-9938-3F18599822B1}"
	ProjectSection(ProjectDependencies) = postProject
		{E9A428B8-9D67-333C-9699-0498111655F7} = {E9A428B8-9D67-333C-9699-0498111655F7}
	EndProjectSection
EndProject
Project("{8BC9CEB8-8B4A-11D0-8D11-00A0C91BC942}") = "testRefraction", "src\testRefraction.vcxproj", "{4C82DE64-6634-3D8B-B0E3-DD9AB0B07DB9}"
	ProjectSection(ProjectDependencies) = postProject
		{E9A428B8-9D67-333C-9699-0498111655F7} = {E9A428B8-9D67-333C-9699-0498111655F7}
	EndProjectSection
EndProject
Project("{8BC9CEB8-8B4A-11D0-8D11-00A0C91BC942}") = "testStelFileMgr", "src\testStelFileMgr.vcxproj", "{6ED03985-20F2-3E4C-8A10-4914758A37D2}"
	ProjectSection(ProjectDependencies) = postProject
		{E9A428B8-9D67-333C-9699-0498111655F7} = {E9A428B8-9D67-333C-9699-0498111655F7}
	EndProjectSection
EndProject
Project("{8BC9CEB8-8B4A-11D0-8D11-00A0C91BC942}") = "testStelJsonParser", "src\testStelJsonParser.vcxproj", "{266B3164-EA72-3080-9465-830E80BCBB9A}"
	ProjectSection(ProjectDependencies) = postProject
		{E9A428B8-9D67-333C-9699-0498111655F7} = {E9A428B8-9D67-333C-9699-0498111655F7}
	EndProjectSection
EndProject
Project("{8BC9CEB8-8B4A-11D0-8D11-00A0C91BC942}") = "testStelSphereGeometry", "src\testStelSphereGeometry.vcxproj", "{74E2F5C2-ABE5-375D-997A-C883E10BFE2E}"
	ProjectSection(ProjectDependencies) = postProject
		{E9A428B8-9D67-333C-9699-0498111655F7} = {E9A428B8-9D67-333C-9699-0498111655F7}
	EndProjectSection
EndProject
Project("{8BC9CEB8-8B4A-11D0-8D11-00A0C91BC942}") = "testStelSphericalIndex", "src\testStelSphericalIndex.vcxproj", "{2684342B-AF9A-31C7-BD06-1647F84A97B5}"
	ProjectSection(ProjectDependencies) = postProject
		{E9A428B8-9D67-333C-9699-0498111655F7} = {E9A428B8-9D67-333C-9699-0498111655F7}
	EndProjectSection
EndProject
Project("{8BC9CEB8-8B4A-11D0-8D11-00A0C91BC942}") = "testStelVertexArray", "src\testStelVertexArray.vcxproj", "{EBA1CFEC-135E-3064-B136-63D4DC019E82}"
	ProjectSection(ProjectDependencies) = postProject
		{E9A428B8-9D67-333C-9699-0498111655F7} = {E9A428B8-9D67-333C-9699-0498111655F7}
	EndProjectSection
EndProject
Project("{8BC9CEB8-8B4A-11D0-8D11-00A0C91BC942}") = "tests", "src\tests.vcxproj", "{8DB80397-8BA7-3D60-BEE8-567DDC82600C}"
	ProjectSection(ProjectDependencies) = postProject
		{E9A428B8-9D67-333C-9699-0498111655F7} = {E9A428B8-9D67-333C-9699-0498111655F7}
		{2021A212-2D96-3BFD-BE81-2E7975C0DFFA} = {2021A212-2D96-3BFD-BE81-2E7975C0DFFA}
	EndProjectSection
EndProject
Project("{8BC9CEB8-8B4A-11D0-8D11-00A0C91BC942}") = "translations", "po\translations.vcxproj", "{25576AD1-B468-3AAC-A411-E6AC3AEE3C3F}"
	ProjectSection(ProjectDependencies) = postProject
		{E9A428B8-9D67-333C-9699-0498111655F7} = {E9A428B8-9D67-333C-9699-0498111655F7}
		{BD3BA82D-6956-35C1-A684-6B2683A86DFF} = {BD3BA82D-6956-35C1-A684-6B2683A86DFF}
		{51EF9EEC-7D56-316B-ABA6-B5F8543C285E} = {51EF9EEC-7D56-316B-ABA6-B5F8543C285E}
		{74E68A2F-3116-36A4-855A-6399658AEBE3} = {74E68A2F-3116-36A4-855A-6399658AEBE3}
	EndProjectSection
EndProject
Project("{8BC9CEB8-8B4A-11D0-8D11-00A0C91BC942}") = "translations-stellarium", "po\stellarium\translations-stellarium.vcxproj", "{BD3BA82D-6956-35C1-A684-6B2683A86DFF}"
	ProjectSection(ProjectDependencies) = postProject
		{E9A428B8-9D67-333C-9699-0498111655F7} = {E9A428B8-9D67-333C-9699-0498111655F7}
	EndProjectSection
EndProject
Project("{8BC9CEB8-8B4A-11D0-8D11-00A0C91BC942}") = "translations-stellarium-remotecontrol", "po\stellarium-remotecontrol\translations-stellarium-remotecontrol.vcxproj", "{51EF9EEC-7D56-316B-ABA6-B5F8543C285E}"
	ProjectSection(ProjectDependencies) = postProject
		{E9A428B8-9D67-333C-9699-0498111655F7} = {E9A428B8-9D67-333C-9699-0498111655F7}
	EndProjectSection
EndProject
Project("{8BC9CEB8-8B4A-11D0-8D11-00A0C91BC942}") = "translations-stellarium-skycultures", "po\stellarium-skycultures\translations-stellarium-skycultures.vcxproj", "{74E68A2F-3116-36A4-855A-6399658AEBE3}"
	ProjectSection(ProjectDependencies) = postProject
		{E9A428B8-9D67-333C-9699-0498111655F7} = {E9A428B8-9D67-333C-9699-0498111655F7}
	EndProjectSection
EndProject
Project("{8BC9CEB8-8B4A-11D0-8D11-00A0C91BC942}") = "uninstall", "uninstall.vcxproj", "{028B0557-90AF-3303-A517-163422546277}"
	ProjectSection(ProjectDependencies) = postProject
		{E9A428B8-9D67-333C-9699-0498111655F7} = {E9A428B8-9D67-333C-9699-0498111655F7}
	EndProjectSection
EndProject
Global
	GlobalSection(SolutionConfigurationPlatforms) = preSolution
		Debug|Win32 = Debug|Win32
		Release|Win32 = Release|Win32
		MinSizeRel|Win32 = MinSizeRel|Win32
		RelWithDebInfo|Win32 = RelWithDebInfo|Win32
	EndGlobalSection
	GlobalSection(ProjectConfigurationPlatforms) = postSolution
		{1D0E06F7-C906-30E6-923F-608D54988B07}.Debug|Win32.ActiveCfg = Debug|Win32
		{1D0E06F7-C906-30E6-923F-608D54988B07}.Debug|Win32.Build.0 = Debug|Win32
		{1D0E06F7-C906-30E6-923F-608D54988B07}.Release|Win32.ActiveCfg = Release|Win32
		{1D0E06F7-C906-30E6-923F-608D54988B07}.Release|Win32.Build.0 = Release|Win32
		{1D0E06F7-C906-30E6-923F-608D54988B07}.MinSizeRel|Win32.ActiveCfg = MinSizeRel|Win32
		{1D0E06F7-C906-30E6-923F-608D54988B07}.MinSizeRel|Win32.Build.0 = MinSizeRel|Win32
		{1D0E06F7-C906-30E6-923F-608D54988B07}.RelWithDebInfo|Win32.ActiveCfg = RelWithDebInfo|Win32
		{1D0E06F7-C906-30E6-923F-608D54988B07}.RelWithDebInfo|Win32.Build.0 = RelWithDebInfo|Win32
		{8F475F34-9AEE-3EA6-A11A-25F7C5419895}.Debug|Win32.ActiveCfg = Debug|Win32
		{8F475F34-9AEE-3EA6-A11A-25F7C5419895}.Debug|Win32.Build.0 = Debug|Win32
		{8F475F34-9AEE-3EA6-A11A-25F7C5419895}.Release|Win32.ActiveCfg = Release|Win32
		{8F475F34-9AEE-3EA6-A11A-25F7C5419895}.Release|Win32.Build.0 = Release|Win32
		{8F475F34-9AEE-3EA6-A11A-25F7C5419895}.MinSizeRel|Win32.ActiveCfg = MinSizeRel|Win32
		{8F475F34-9AEE-3EA6-A11A-25F7C5419895}.MinSizeRel|Win32.Build.0 = MinSizeRel|Win32
		{8F475F34-9AEE-3EA6-A11A-25F7C5419895}.RelWithDebInfo|Win32.ActiveCfg = RelWithDebInfo|Win32
		{8F475F34-9AEE-3EA6-A11A-25F7C5419895}.RelWithDebInfo|Win32.Build.0 = RelWithDebInfo|Win32
		{23255D57-1524-3BF5-9CC4-6ACED1B39056}.Debug|Win32.ActiveCfg = Debug|Win32
		{23255D57-1524-3BF5-9CC4-6ACED1B39056}.Debug|Win32.Build.0 = Debug|Win32
		{23255D57-1524-3BF5-9CC4-6ACED1B39056}.Release|Win32.ActiveCfg = Release|Win32
		{23255D57-1524-3BF5-9CC4-6ACED1B39056}.Release|Win32.Build.0 = Release|Win32
		{23255D57-1524-3BF5-9CC4-6ACED1B39056}.MinSizeRel|Win32.ActiveCfg = MinSizeRel|Win32
		{23255D57-1524-3BF5-9CC4-6ACED1B39056}.MinSizeRel|Win32.Build.0 = MinSizeRel|Win32
		{23255D57-1524-3BF5-9CC4-6ACED1B39056}.RelWithDebInfo|Win32.ActiveCfg = RelWithDebInfo|Win32
		{23255D57-1524-3BF5-9CC4-6ACED1B39056}.RelWithDebInfo|Win32.Build.0 = RelWithDebInfo|Win32
		{02467420-4020-3A34-AF93-11030E0AD5CC}.Debug|Win32.ActiveCfg = Debug|Win32
		{02467420-4020-3A34-AF93-11030E0AD5CC}.Debug|Win32.Build.0 = Debug|Win32
		{02467420-4020-3A34-AF93-11030E0AD5CC}.Release|Win32.ActiveCfg = Release|Win32
		{02467420-4020-3A34-AF93-11030E0AD5CC}.Release|Win32.Build.0 = Release|Win32
		{02467420-4020-3A34-AF93-11030E0AD5CC}.MinSizeRel|Win32.ActiveCfg = MinSizeRel|Win32
		{02467420-4020-3A34-AF93-11030E0AD5CC}.MinSizeRel|Win32.Build.0 = MinSizeRel|Win32
		{02467420-4020-3A34-AF93-11030E0AD5CC}.RelWithDebInfo|Win32.ActiveCfg = RelWithDebInfo|Win32
		{02467420-4020-3A34-AF93-11030E0AD5CC}.RelWithDebInfo|Win32.Build.0 = RelWithDebInfo|Win32
		{7FEA6CD0-4065-37AF-A65F-9F3919BDB397}.Debug|Win32.ActiveCfg = Debug|Win32
		{7FEA6CD0-4065-37AF-A65F-9F3919BDB397}.Debug|Win32.Build.0 = Debug|Win32
		{7FEA6CD0-4065-37AF-A65F-9F3919BDB397}.Release|Win32.ActiveCfg = Release|Win32
		{7FEA6CD0-4065-37AF-A65F-9F3919BDB397}.Release|Win32.Build.0 = Release|Win32
		{7FEA6CD0-4065-37AF-A65F-9F3919BDB397}.MinSizeRel|Win32.ActiveCfg = MinSizeRel|Win32
		{7FEA6CD0-4065-37AF-A65F-9F3919BDB397}.MinSizeRel|Win32.Build.0 = MinSizeRel|Win32
		{7FEA6CD0-4065-37AF-A65F-9F3919BDB397}.RelWithDebInfo|Win32.ActiveCfg = RelWithDebInfo|Win32
		{7FEA6CD0-4065-37AF-A65F-9F3919BDB397}.RelWithDebInfo|Win32.Build.0 = RelWithDebInfo|Win32
		{F0BEE7AC-0911-3963-99DD-9FC61176B475}.Debug|Win32.ActiveCfg = Debug|Win32
		{F0BEE7AC-0911-3963-99DD-9FC61176B475}.Debug|Win32.Build.0 = Debug|Win32
		{F0BEE7AC-0911-3963-99DD-9FC61176B475}.Release|Win32.ActiveCfg = Release|Win32
		{F0BEE7AC-0911-3963-99DD-9FC61176B475}.Release|Win32.Build.0 = Release|Win32
		{F0BEE7AC-0911-3963-99DD-9FC61176B475}.MinSizeRel|Win32.ActiveCfg = MinSizeRel|Win32
		{F0BEE7AC-0911-3963-99DD-9FC61176B475}.MinSizeRel|Win32.Build.0 = MinSizeRel|Win32
		{F0BEE7AC-0911-3963-99DD-9FC61176B475}.RelWithDebInfo|Win32.ActiveCfg = RelWithDebInfo|Win32
		{F0BEE7AC-0911-3963-99DD-9FC61176B475}.RelWithDebInfo|Win32.Build.0 = RelWithDebInfo|Win32
		{BD89B4DC-E9CF-37B4-95BA-7F9AFDEA95AA}.Debug|Win32.ActiveCfg = Debug|Win32
		{BD89B4DC-E9CF-37B4-95BA-7F9AFDEA95AA}.Debug|Win32.Build.0 = Debug|Win32
		{BD89B4DC-E9CF-37B4-95BA-7F9AFDEA95AA}.Release|Win32.ActiveCfg = Release|Win32
		{BD89B4DC-E9CF-37B4-95BA-7F9AFDEA95AA}.Release|Win32.Build.0 = Release|Win32
		{BD89B4DC-E9CF-37B4-95BA-7F9AFDEA95AA}.MinSizeRel|Win32.ActiveCfg = MinSizeRel|Win32
		{BD89B4DC-E9CF-37B4-95BA-7F9AFDEA95AA}.MinSizeRel|Win32.Build.0 = MinSizeRel|Win32
		{BD89B4DC-E9CF-37B4-95BA-7F9AFDEA95AA}.RelWithDebInfo|Win32.ActiveCfg = RelWithDebInfo|Win32
		{BD89B4DC-E9CF-37B4-95BA-7F9AFDEA95AA}.RelWithDebInfo|Win32.Build.0 = RelWithDebInfo|Win32
		{DBD1149E-AD26-3983-9517-BF7CCD4D84E6}.Debug|Win32.ActiveCfg = Debug|Win32
		{DBD1149E-AD26-3983-9517-BF7CCD4D84E6}.Release|Win32.ActiveCfg = Release|Win32
		{DBD1149E-AD26-3983-9517-BF7CCD4D84E6}.MinSizeRel|Win32.ActiveCfg = MinSizeRel|Win32
		{DBD1149E-AD26-3983-9517-BF7CCD4D84E6}.RelWithDebInfo|Win32.ActiveCfg = RelWithDebInfo|Win32
		{DF573C33-F67F-31BE-8A6A-C40AC5C3CBCA}.Debug|Win32.ActiveCfg = Debug|Win32
		{DF573C33-F67F-31BE-8A6A-C40AC5C3CBCA}.Debug|Win32.Build.0 = Debug|Win32
		{DF573C33-F67F-31BE-8A6A-C40AC5C3CBCA}.Release|Win32.ActiveCfg = Release|Win32
		{DF573C33-F67F-31BE-8A6A-C40AC5C3CBCA}.Release|Win32.Build.0 = Release|Win32
		{DF573C33-F67F-31BE-8A6A-C40AC5C3CBCA}.MinSizeRel|Win32.ActiveCfg = MinSizeRel|Win32
		{DF573C33-F67F-31BE-8A6A-C40AC5C3CBCA}.MinSizeRel|Win32.Build.0 = MinSizeRel|Win32
		{DF573C33-F67F-31BE-8A6A-C40AC5C3CBCA}.RelWithDebInfo|Win32.ActiveCfg = RelWithDebInfo|Win32
		{DF573C33-F67F-31BE-8A6A-C40AC5C3CBCA}.RelWithDebInfo|Win32.Build.0 = RelWithDebInfo|Win32
		{78D44024-D13F-383A-8509-00311642FF29}.Debug|Win32.ActiveCfg = Debug|Win32
		{78D44024-D13F-383A-8509-00311642FF29}.Debug|Win32.Build.0 = Debug|Win32
		{78D44024-D13F-383A-8509-00311642FF29}.Release|Win32.ActiveCfg = Release|Win32
		{78D44024-D13F-383A-8509-00311642FF29}.Release|Win32.Build.0 = Release|Win32
		{78D44024-D13F-383A-8509-00311642FF29}.MinSizeRel|Win32.ActiveCfg = MinSizeRel|Win32
		{78D44024-D13F-383A-8509-00311642FF29}.MinSizeRel|Win32.Build.0 = MinSizeRel|Win32
		{78D44024-D13F-383A-8509-00311642FF29}.RelWithDebInfo|Win32.ActiveCfg = RelWithDebInfo|Win32
		{78D44024-D13F-383A-8509-00311642FF29}.RelWithDebInfo|Win32.Build.0 = RelWithDebInfo|Win32
		{42E68BA8-0E2B-350B-821D-68C7E6188486}.Debug|Win32.ActiveCfg = Debug|Win32
		{42E68BA8-0E2B-350B-821D-68C7E6188486}.Debug|Win32.Build.0 = Debug|Win32
		{42E68BA8-0E2B-350B-821D-68C7E6188486}.Release|Win32.ActiveCfg = Release|Win32
		{42E68BA8-0E2B-350B-821D-68C7E6188486}.Release|Win32.Build.0 = Release|Win32
		{42E68BA8-0E2B-350B-821D-68C7E6188486}.MinSizeRel|Win32.ActiveCfg = MinSizeRel|Win32
		{42E68BA8-0E2B-350B-821D-68C7E6188486}.MinSizeRel|Win32.Build.0 = MinSizeRel|Win32
		{42E68BA8-0E2B-350B-821D-68C7E6188486}.RelWithDebInfo|Win32.ActiveCfg = RelWithDebInfo|Win32
		{42E68BA8-0E2B-350B-821D-68C7E6188486}.RelWithDebInfo|Win32.Build.0 = RelWithDebInfo|Win32
		{38DAEDB7-3E49-3043-BA10-6ECBA062E8B2}.Debug|Win32.ActiveCfg = Debug|Win32
		{38DAEDB7-3E49-3043-BA10-6ECBA062E8B2}.Debug|Win32.Build.0 = Debug|Win32
		{38DAEDB7-3E49-3043-BA10-6ECBA062E8B2}.Release|Win32.ActiveCfg = Release|Win32
		{38DAEDB7-3E49-3043-BA10-6ECBA062E8B2}.Release|Win32.Build.0 = Release|Win32
		{38DAEDB7-3E49-3043-BA10-6ECBA062E8B2}.MinSizeRel|Win32.ActiveCfg = MinSizeRel|Win32
		{38DAEDB7-3E49-3043-BA10-6ECBA062E8B2}.MinSizeRel|Win32.Build.0 = MinSizeRel|Win32
		{38DAEDB7-3E49-3043-BA10-6ECBA062E8B2}.RelWithDebInfo|Win32.ActiveCfg = RelWithDebInfo|Win32
		{38DAEDB7-3E49-3043-BA10-6ECBA062E8B2}.RelWithDebInfo|Win32.Build.0 = RelWithDebInfo|Win32
		{B60DBCF3-002A-3222-825E-01E9BE4E50A0}.Debug|Win32.ActiveCfg = Debug|Win32
		{B60DBCF3-002A-3222-825E-01E9BE4E50A0}.Debug|Win32.Build.0 = Debug|Win32
		{B60DBCF3-002A-3222-825E-01E9BE4E50A0}.Release|Win32.ActiveCfg = Release|Win32
		{B60DBCF3-002A-3222-825E-01E9BE4E50A0}.Release|Win32.Build.0 = Release|Win32
		{B60DBCF3-002A-3222-825E-01E9BE4E50A0}.MinSizeRel|Win32.ActiveCfg = MinSizeRel|Win32
		{B60DBCF3-002A-3222-825E-01E9BE4E50A0}.MinSizeRel|Win32.Build.0 = MinSizeRel|Win32
		{B60DBCF3-002A-3222-825E-01E9BE4E50A0}.RelWithDebInfo|Win32.ActiveCfg = RelWithDebInfo|Win32
		{B60DBCF3-002A-3222-825E-01E9BE4E50A0}.RelWithDebInfo|Win32.Build.0 = RelWithDebInfo|Win32
		{FDCA2525-50B9-3C61-8879-D425F6DFE9EE}.Debug|Win32.ActiveCfg = Debug|Win32
		{FDCA2525-50B9-3C61-8879-D425F6DFE9EE}.Release|Win32.ActiveCfg = Release|Win32
		{FDCA2525-50B9-3C61-8879-D425F6DFE9EE}.MinSizeRel|Win32.ActiveCfg = MinSizeRel|Win32
		{FDCA2525-50B9-3C61-8879-D425F6DFE9EE}.RelWithDebInfo|Win32.ActiveCfg = RelWithDebInfo|Win32
		{52B5974F-0005-364D-B1BD-4FEB43861E4C}.Debug|Win32.ActiveCfg = Debug|Win32
		{52B5974F-0005-364D-B1BD-4FEB43861E4C}.Debug|Win32.Build.0 = Debug|Win32
		{52B5974F-0005-364D-B1BD-4FEB43861E4C}.Release|Win32.ActiveCfg = Release|Win32
		{52B5974F-0005-364D-B1BD-4FEB43861E4C}.Release|Win32.Build.0 = Release|Win32
		{52B5974F-0005-364D-B1BD-4FEB43861E4C}.MinSizeRel|Win32.ActiveCfg = MinSizeRel|Win32
		{52B5974F-0005-364D-B1BD-4FEB43861E4C}.MinSizeRel|Win32.Build.0 = MinSizeRel|Win32
		{52B5974F-0005-364D-B1BD-4FEB43861E4C}.RelWithDebInfo|Win32.ActiveCfg = RelWithDebInfo|Win32
		{52B5974F-0005-364D-B1BD-4FEB43861E4C}.RelWithDebInfo|Win32.Build.0 = RelWithDebInfo|Win32
		{39D76514-0867-34F8-8715-471B75F04E87}.Debug|Win32.ActiveCfg = Debug|Win32
		{39D76514-0867-34F8-8715-471B75F04E87}.Debug|Win32.Build.0 = Debug|Win32
		{39D76514-0867-34F8-8715-471B75F04E87}.Release|Win32.ActiveCfg = Release|Win32
		{39D76514-0867-34F8-8715-471B75F04E87}.Release|Win32.Build.0 = Release|Win32
		{39D76514-0867-34F8-8715-471B75F04E87}.MinSizeRel|Win32.ActiveCfg = MinSizeRel|Win32
		{39D76514-0867-34F8-8715-471B75F04E87}.MinSizeRel|Win32.Build.0 = MinSizeRel|Win32
		{39D76514-0867-34F8-8715-471B75F04E87}.RelWithDebInfo|Win32.ActiveCfg = RelWithDebInfo|Win32
		{39D76514-0867-34F8-8715-471B75F04E87}.RelWithDebInfo|Win32.Build.0 = RelWithDebInfo|Win32
		{47EEDCE0-4F99-3B3F-AA73-A41661C0EF68}.Debug|Win32.ActiveCfg = Debug|Win32
		{47EEDCE0-4F99-3B3F-AA73-A41661C0EF68}.Debug|Win32.Build.0 = Debug|Win32
		{47EEDCE0-4F99-3B3F-AA73-A41661C0EF68}.Release|Win32.ActiveCfg = Release|Win32
		{47EEDCE0-4F99-3B3F-AA73-A41661C0EF68}.Release|Win32.Build.0 = Release|Win32
		{47EEDCE0-4F99-3B3F-AA73-A41661C0EF68}.MinSizeRel|Win32.ActiveCfg = MinSizeRel|Win32
		{47EEDCE0-4F99-3B3F-AA73-A41661C0EF68}.MinSizeRel|Win32.Build.0 = MinSizeRel|Win32
		{47EEDCE0-4F99-3B3F-AA73-A41661C0EF68}.RelWithDebInfo|Win32.ActiveCfg = RelWithDebInfo|Win32
		{47EEDCE0-4F99-3B3F-AA73-A41661C0EF68}.RelWithDebInfo|Win32.Build.0 = RelWithDebInfo|Win32
		{FD69A25C-7F89-389E-92AA-64E1A2C47684}.Debug|Win32.ActiveCfg = Debug|Win32
		{FD69A25C-7F89-389E-92AA-64E1A2C47684}.Debug|Win32.Build.0 = Debug|Win32
		{FD69A25C-7F89-389E-92AA-64E1A2C47684}.Release|Win32.ActiveCfg = Release|Win32
		{FD69A25C-7F89-389E-92AA-64E1A2C47684}.Release|Win32.Build.0 = Release|Win32
		{FD69A25C-7F89-389E-92AA-64E1A2C47684}.MinSizeRel|Win32.ActiveCfg = MinSizeRel|Win32
		{FD69A25C-7F89-389E-92AA-64E1A2C47684}.MinSizeRel|Win32.Build.0 = MinSizeRel|Win32
		{FD69A25C-7F89-389E-92AA-64E1A2C47684}.RelWithDebInfo|Win32.ActiveCfg = RelWithDebInfo|Win32
		{FD69A25C-7F89-389E-92AA-64E1A2C47684}.RelWithDebInfo|Win32.Build.0 = RelWithDebInfo|Win32
		{9A8C8B06-D7B5-3936-931F-736D30686A7D}.Debug|Win32.ActiveCfg = Debug|Win32
		{9A8C8B06-D7B5-3936-931F-736D30686A7D}.Debug|Win32.Build.0 = Debug|Win32
		{9A8C8B06-D7B5-3936-931F-736D30686A7D}.Release|Win32.ActiveCfg = Release|Win32
		{9A8C8B06-D7B5-3936-931F-736D30686A7D}.Release|Win32.Build.0 = Release|Win32
		{9A8C8B06-D7B5-3936-931F-736D30686A7D}.MinSizeRel|Win32.ActiveCfg = MinSizeRel|Win32
		{9A8C8B06-D7B5-3936-931F-736D30686A7D}.MinSizeRel|Win32.Build.0 = MinSizeRel|Win32
		{9A8C8B06-D7B5-3936-931F-736D30686A7D}.RelWithDebInfo|Win32.ActiveCfg = RelWithDebInfo|Win32
		{9A8C8B06-D7B5-3936-931F-736D30686A7D}.RelWithDebInfo|Win32.Build.0 = RelWithDebInfo|Win32
		{FCC00785-F63F-3B3B-B74F-48B64063C698}.Debug|Win32.ActiveCfg = Debug|Win32
		{FCC00785-F63F-3B3B-B74F-48B64063C698}.Debug|Win32.Build.0 = Debug|Win32
		{FCC00785-F63F-3B3B-B74F-48B64063C698}.Release|Win32.ActiveCfg = Release|Win32
		{FCC00785-F63F-3B3B-B74F-48B64063C698}.Release|Win32.Build.0 = Release|Win32
		{FCC00785-F63F-3B3B-B74F-48B64063C698}.MinSizeRel|Win32.ActiveCfg = MinSizeRel|Win32
		{FCC00785-F63F-3B3B-B74F-48B64063C698}.MinSizeRel|Win32.Build.0 = MinSizeRel|Win32
		{FCC00785-F63F-3B3B-B74F-48B64063C698}.RelWithDebInfo|Win32.ActiveCfg = RelWithDebInfo|Win32
		{FCC00785-F63F-3B3B-B74F-48B64063C698}.RelWithDebInfo|Win32.Build.0 = RelWithDebInfo|Win32
		{38DFE66B-B5DA-3083-B821-8E801B370E97}.Debug|Win32.ActiveCfg = Debug|Win32
		{38DFE66B-B5DA-3083-B821-8E801B370E97}.Debug|Win32.Build.0 = Debug|Win32
		{38DFE66B-B5DA-3083-B821-8E801B370E97}.Release|Win32.ActiveCfg = Release|Win32
		{38DFE66B-B5DA-3083-B821-8E801B370E97}.Release|Win32.Build.0 = Release|Win32
		{38DFE66B-B5DA-3083-B821-8E801B370E97}.MinSizeRel|Win32.ActiveCfg = MinSizeRel|Win32
		{38DFE66B-B5DA-3083-B821-8E801B370E97}.MinSizeRel|Win32.Build.0 = MinSizeRel|Win32
		{38DFE66B-B5DA-3083-B821-8E801B370E97}.RelWithDebInfo|Win32.ActiveCfg = RelWithDebInfo|Win32
		{38DFE66B-B5DA-3083-B821-8E801B370E97}.RelWithDebInfo|Win32.Build.0 = RelWithDebInfo|Win32
		{EDCC4724-05D7-3255-BB53-65C72C2AFA14}.Debug|Win32.ActiveCfg = Debug|Win32
		{EDCC4724-05D7-3255-BB53-65C72C2AFA14}.Debug|Win32.Build.0 = Debug|Win32
		{EDCC4724-05D7-3255-BB53-65C72C2AFA14}.Release|Win32.ActiveCfg = Release|Win32
		{EDCC4724-05D7-3255-BB53-65C72C2AFA14}.Release|Win32.Build.0 = Release|Win32
		{EDCC4724-05D7-3255-BB53-65C72C2AFA14}.MinSizeRel|Win32.ActiveCfg = MinSizeRel|Win32
		{EDCC4724-05D7-3255-BB53-65C72C2AFA14}.MinSizeRel|Win32.Build.0 = MinSizeRel|Win32
		{EDCC4724-05D7-3255-BB53-65C72C2AFA14}.RelWithDebInfo|Win32.ActiveCfg = RelWithDebInfo|Win32
		{EDCC4724-05D7-3255-BB53-65C72C2AFA14}.RelWithDebInfo|Win32.Build.0 = RelWithDebInfo|Win32
		{ACD9F58B-3371-32C0-9270-8FCE300F72DD}.Debug|Win32.ActiveCfg = Debug|Win32
		{ACD9F58B-3371-32C0-9270-8FCE300F72DD}.Debug|Win32.Build.0 = Debug|Win32
		{ACD9F58B-3371-32C0-9270-8FCE300F72DD}.Release|Win32.ActiveCfg = Release|Win32
		{ACD9F58B-3371-32C0-9270-8FCE300F72DD}.Release|Win32.Build.0 = Release|Win32
		{ACD9F58B-3371-32C0-9270-8FCE300F72DD}.MinSizeRel|Win32.ActiveCfg = MinSizeRel|Win32
		{ACD9F58B-3371-32C0-9270-8FCE300F72DD}.MinSizeRel|Win32.Build.0 = MinSizeRel|Win32
		{ACD9F58B-3371-32C0-9270-8FCE300F72DD}.RelWithDebInfo|Win32.ActiveCfg = RelWithDebInfo|Win32
		{ACD9F58B-3371-32C0-9270-8FCE300F72DD}.RelWithDebInfo|Win32.Build.0 = RelWithDebInfo|Win32
		{89E95E47-66E7-386A-B74A-1CE1D05E9B3A}.Debug|Win32.ActiveCfg = Debug|Win32
		{89E95E47-66E7-386A-B74A-1CE1D05E9B3A}.Debug|Win32.Build.0 = Debug|Win32
		{89E95E47-66E7-386A-B74A-1CE1D05E9B3A}.Release|Win32.ActiveCfg = Release|Win32
		{89E95E47-66E7-386A-B74A-1CE1D05E9B3A}.Release|Win32.Build.0 = Release|Win32
		{89E95E47-66E7-386A-B74A-1CE1D05E9B3A}.MinSizeRel|Win32.ActiveCfg = MinSizeRel|Win32
		{89E95E47-66E7-386A-B74A-1CE1D05E9B3A}.MinSizeRel|Win32.Build.0 = MinSizeRel|Win32
		{89E95E47-66E7-386A-B74A-1CE1D05E9B3A}.RelWithDebInfo|Win32.ActiveCfg = RelWithDebInfo|Win32
		{89E95E47-66E7-386A-B74A-1CE1D05E9B3A}.RelWithDebInfo|Win32.Build.0 = RelWithDebInfo|Win32
		{E9A428B8-9D67-333C-9699-0498111655F7}.Debug|Win32.ActiveCfg = Debug|Win32
		{E9A428B8-9D67-333C-9699-0498111655F7}.Debug|Win32.Build.0 = Debug|Win32
		{E9A428B8-9D67-333C-9699-0498111655F7}.Release|Win32.ActiveCfg = Release|Win32
		{E9A428B8-9D67-333C-9699-0498111655F7}.Release|Win32.Build.0 = Release|Win32
		{E9A428B8-9D67-333C-9699-0498111655F7}.MinSizeRel|Win32.ActiveCfg = MinSizeRel|Win32
		{E9A428B8-9D67-333C-9699-0498111655F7}.MinSizeRel|Win32.Build.0 = MinSizeRel|Win32
		{E9A428B8-9D67-333C-9699-0498111655F7}.RelWithDebInfo|Win32.ActiveCfg = RelWithDebInfo|Win32
		{E9A428B8-9D67-333C-9699-0498111655F7}.RelWithDebInfo|Win32.Build.0 = RelWithDebInfo|Win32
		{2021A212-2D96-3BFD-BE81-2E7975C0DFFA}.Debug|Win32.ActiveCfg = Debug|Win32
		{2021A212-2D96-3BFD-BE81-2E7975C0DFFA}.Debug|Win32.Build.0 = Debug|Win32
		{2021A212-2D96-3BFD-BE81-2E7975C0DFFA}.Release|Win32.ActiveCfg = Release|Win32
		{2021A212-2D96-3BFD-BE81-2E7975C0DFFA}.Release|Win32.Build.0 = Release|Win32
		{2021A212-2D96-3BFD-BE81-2E7975C0DFFA}.MinSizeRel|Win32.ActiveCfg = MinSizeRel|Win32
		{2021A212-2D96-3BFD-BE81-2E7975C0DFFA}.MinSizeRel|Win32.Build.0 = MinSizeRel|Win32
		{2021A212-2D96-3BFD-BE81-2E7975C0DFFA}.RelWithDebInfo|Win32.ActiveCfg = RelWithDebInfo|Win32
		{2021A212-2D96-3BFD-BE81-2E7975C0DFFA}.RelWithDebInfo|Win32.Build.0 = RelWithDebInfo|Win32
		{C13FFEC4-F3CE-3EBD-8130-FD6B1711EF13}.Debug|Win32.ActiveCfg = Debug|Win32
		{C13FFEC4-F3CE-3EBD-8130-FD6B1711EF13}.Debug|Win32.Build.0 = Debug|Win32
		{C13FFEC4-F3CE-3EBD-8130-FD6B1711EF13}.Release|Win32.ActiveCfg = Release|Win32
		{C13FFEC4-F3CE-3EBD-8130-FD6B1711EF13}.Release|Win32.Build.0 = Release|Win32
		{C13FFEC4-F3CE-3EBD-8130-FD6B1711EF13}.MinSizeRel|Win32.ActiveCfg = MinSizeRel|Win32
		{C13FFEC4-F3CE-3EBD-8130-FD6B1711EF13}.MinSizeRel|Win32.Build.0 = MinSizeRel|Win32
		{C13FFEC4-F3CE-3EBD-8130-FD6B1711EF13}.RelWithDebInfo|Win32.ActiveCfg = RelWithDebInfo|Win32
		{C13FFEC4-F3CE-3EBD-8130-FD6B1711EF13}.RelWithDebInfo|Win32.Build.0 = RelWithDebInfo|Win32
		{EDB9969D-DB2A-388F-BA8C-17ED4998A2D2}.Debug|Win32.ActiveCfg = Debug|Win32
		{EDB9969D-DB2A-388F-BA8C-17ED4998A2D2}.Debug|Win32.Build.0 = Debug|Win32
		{EDB9969D-DB2A-388F-BA8C-17ED4998A2D2}.Release|Win32.ActiveCfg = Release|Win32
		{EDB9969D-DB2A-388F-BA8C-17ED4998A2D2}.Release|Win32.Build.0 = Release|Win32
		{EDB9969D-DB2A-388F-BA8C-17ED4998A2D2}.MinSizeRel|Win32.ActiveCfg = MinSizeRel|Win32
		{EDB9969D-DB2A-388F-BA8C-17ED4998A2D2}.MinSizeRel|Win32.Build.0 = MinSizeRel|Win32
		{EDB9969D-DB2A-388F-BA8C-17ED4998A2D2}.RelWithDebInfo|Win32.ActiveCfg = RelWithDebInfo|Win32
		{EDB9969D-DB2A-388F-BA8C-17ED4998A2D2}.RelWithDebInfo|Win32.Build.0 = RelWithDebInfo|Win32
		{FE686C8F-2D3D-30AF-8625-04B18A1356C0}.Debug|Win32.ActiveCfg = Debug|Win32
		{FE686C8F-2D3D-30AF-8625-04B18A1356C0}.Debug|Win32.Build.0 = Debug|Win32
		{FE686C8F-2D3D-30AF-8625-04B18A1356C0}.Release|Win32.ActiveCfg = Release|Win32
		{FE686C8F-2D3D-30AF-8625-04B18A1356C0}.Release|Win32.Build.0 = Release|Win32
		{FE686C8F-2D3D-30AF-8625-04B18A1356C0}.MinSizeRel|Win32.ActiveCfg = MinSizeRel|Win32
		{FE686C8F-2D3D-30AF-8625-04B18A1356C0}.MinSizeRel|Win32.Build.0 = MinSizeRel|Win32
		{FE686C8F-2D3D-30AF-8625-04B18A1356C0}.RelWithDebInfo|Win32.ActiveCfg = RelWithDebInfo|Win32
		{FE686C8F-2D3D-30AF-8625-04B18A1356C0}.RelWithDebInfo|Win32.Build.0 = RelWithDebInfo|Win32
		{6FEC10B9-C94A-3FA4-9530-1C477685591F}.Debug|Win32.ActiveCfg = Debug|Win32
		{6FEC10B9-C94A-3FA4-9530-1C477685591F}.Release|Win32.ActiveCfg = Release|Win32
		{6FEC10B9-C94A-3FA4-9530-1C477685591F}.MinSizeRel|Win32.ActiveCfg = MinSizeRel|Win32
		{6FEC10B9-C94A-3FA4-9530-1C477685591F}.RelWithDebInfo|Win32.ActiveCfg = RelWithDebInfo|Win32
		{6E752B42-7962-3748-93EA-D8EF6DE0767E}.Debug|Win32.ActiveCfg = Debug|Win32
		{6E752B42-7962-3748-93EA-D8EF6DE0767E}.Debug|Win32.Build.0 = Debug|Win32
		{6E752B42-7962-3748-93EA-D8EF6DE0767E}.Release|Win32.ActiveCfg = Release|Win32
		{6E752B42-7962-3748-93EA-D8EF6DE0767E}.Release|Win32.Build.0 = Release|Win32
		{6E752B42-7962-3748-93EA-D8EF6DE0767E}.MinSizeRel|Win32.ActiveCfg = MinSizeRel|Win32
		{6E752B42-7962-3748-93EA-D8EF6DE0767E}.MinSizeRel|Win32.Build.0 = MinSizeRel|Win32
		{6E752B42-7962-3748-93EA-D8EF6DE0767E}.RelWithDebInfo|Win32.ActiveCfg = RelWithDebInfo|Win32
		{6E752B42-7962-3748-93EA-D8EF6DE0767E}.RelWithDebInfo|Win32.Build.0 = RelWithDebInfo|Win32
		{200B0398-1BEF-35C8-8492-25F83F1D74D3}.Debug|Win32.ActiveCfg = Debug|Win32
		{200B0398-1BEF-35C8-8492-25F83F1D74D3}.Debug|Win32.Build.0 = Debug|Win32
		{200B0398-1BEF-35C8-8492-25F83F1D74D3}.Release|Win32.ActiveCfg = Release|Win32
		{200B0398-1BEF-35C8-8492-25F83F1D74D3}.Release|Win32.Build.0 = Release|Win32
		{200B0398-1BEF-35C8-8492-25F83F1D74D3}.MinSizeRel|Win32.ActiveCfg = MinSizeRel|Win32
		{200B0398-1BEF-35C8-8492-25F83F1D74D3}.MinSizeRel|Win32.Build.0 = MinSizeRel|Win32
		{200B0398-1BEF-35C8-8492-25F83F1D74D3}.RelWithDebInfo|Win32.ActiveCfg = RelWithDebInfo|Win32
		{200B0398-1BEF-35C8-8492-25F83F1D74D3}.RelWithDebInfo|Win32.Build.0 = RelWithDebInfo|Win32
		{C240A6BC-EEC0-3C35-A19F-BBC82FF87EB2}.Debug|Win32.ActiveCfg = Debug|Win32
		{C240A6BC-EEC0-3C35-A19F-BBC82FF87EB2}.Debug|Win32.Build.0 = Debug|Win32
		{C240A6BC-EEC0-3C35-A19F-BBC82FF87EB2}.Release|Win32.ActiveCfg = Release|Win32
		{C240A6BC-EEC0-3C35-A19F-BBC82FF87EB2}.Release|Win32.Build.0 = Release|Win32
		{C240A6BC-EEC0-3C35-A19F-BBC82FF87EB2}.MinSizeRel|Win32.ActiveCfg = MinSizeRel|Win32
		{C240A6BC-EEC0-3C35-A19F-BBC82FF87EB2}.MinSizeRel|Win32.Build.0 = MinSizeRel|Win32
		{C240A6BC-EEC0-3C35-A19F-BBC82FF87EB2}.RelWithDebInfo|Win32.ActiveCfg = RelWithDebInfo|Win32
		{C240A6BC-EEC0-3C35-A19F-BBC82FF87EB2}.RelWithDebInfo|Win32.Build.0 = RelWithDebInfo|Win32
		{6AC19172-ADF4-3F38-AC82-F361DB4BB419}.Debug|Win32.ActiveCfg = Debug|Win32
		{6AC19172-ADF4-3F38-AC82-F361DB4BB419}.Debug|Win32.Build.0 = Debug|Win32
		{6AC19172-ADF4-3F38-AC82-F361DB4BB419}.Release|Win32.ActiveCfg = Release|Win32
		{6AC19172-ADF4-3F38-AC82-F361DB4BB419}.Release|Win32.Build.0 = Release|Win32
		{6AC19172-ADF4-3F38-AC82-F361DB4BB419}.MinSizeRel|Win32.ActiveCfg = MinSizeRel|Win32
		{6AC19172-ADF4-3F38-AC82-F361DB4BB419}.MinSizeRel|Win32.Build.0 = MinSizeRel|Win32
		{6AC19172-ADF4-3F38-AC82-F361DB4BB419}.RelWithDebInfo|Win32.ActiveCfg = RelWithDebInfo|Win32
		{6AC19172-ADF4-3F38-AC82-F361DB4BB419}.RelWithDebInfo|Win32.Build.0 = RelWithDebInfo|Win32
		{B653184E-F7A3-301D-8578-666B12D83861}.Debug|Win32.ActiveCfg = Debug|Win32
		{B653184E-F7A3-301D-8578-666B12D83861}.Debug|Win32.Build.0 = Debug|Win32
		{B653184E-F7A3-301D-8578-666B12D83861}.Release|Win32.ActiveCfg = Release|Win32
		{B653184E-F7A3-301D-8578-666B12D83861}.Release|Win32.Build.0 = Release|Win32
		{B653184E-F7A3-301D-8578-666B12D83861}.MinSizeRel|Win32.ActiveCfg = MinSizeRel|Win32
		{B653184E-F7A3-301D-8578-666B12D83861}.MinSizeRel|Win32.Build.0 = MinSizeRel|Win32
		{B653184E-F7A3-301D-8578-666B12D83861}.RelWithDebInfo|Win32.ActiveCfg = RelWithDebInfo|Win32
		{B653184E-F7A3-301D-8578-666B12D83861}.RelWithDebInfo|Win32.Build.0 = RelWithDebInfo|Win32
		{79EF70D1-16AD-3822-9938-3F18599822B1}.Debug|Win32.ActiveCfg = Debug|Win32
		{79EF70D1-16AD-3822-9938-3F18599822B1}.Debug|Win32.Build.0 = Debug|Win32
		{79EF70D1-16AD-3822-9938-3F18599822B1}.Release|Win32.ActiveCfg = Release|Win32
		{79EF70D1-16AD-3822-9938-3F18599822B1}.Release|Win32.Build.0 = Release|Win32
		{79EF70D1-16AD-3822-9938-3F18599822B1}.MinSizeRel|Win32.ActiveCfg = MinSizeRel|Win32
		{79EF70D1-16AD-3822-9938-3F18599822B1}.MinSizeRel|Win32.Build.0 = MinSizeRel|Win32
		{79EF70D1-16AD-3822-9938-3F18599822B1}.RelWithDebInfo|Win32.ActiveCfg = RelWithDebInfo|Win32
		{79EF70D1-16AD-3822-9938-3F18599822B1}.RelWithDebInfo|Win32.Build.0 = RelWithDebInfo|Win32
		{4C82DE64-6634-3D8B-B0E3-DD9AB0B07DB9}.Debug|Win32.ActiveCfg = Debug|Win32
		{4C82DE64-6634-3D8B-B0E3-DD9AB0B07DB9}.Debug|Win32.Build.0 = Debug|Win32
		{4C82DE64-6634-3D8B-B0E3-DD9AB0B07DB9}.Release|Win32.ActiveCfg = Release|Win32
		{4C82DE64-6634-3D8B-B0E3-DD9AB0B07DB9}.Release|Win32.Build.0 = Release|Win32
		{4C82DE64-6634-3D8B-B0E3-DD9AB0B07DB9}.MinSizeRel|Win32.ActiveCfg = MinSizeRel|Win32
		{4C82DE64-6634-3D8B-B0E3-DD9AB0B07DB9}.MinSizeRel|Win32.Build.0 = MinSizeRel|Win32
		{4C82DE64-6634-3D8B-B0E3-DD9AB0B07DB9}.RelWithDebInfo|Win32.ActiveCfg = RelWithDebInfo|Win32
		{4C82DE64-6634-3D8B-B0E3-DD9AB0B07DB9}.RelWithDebInfo|Win32.Build.0 = RelWithDebInfo|Win32
		{6ED03985-20F2-3E4C-8A10-4914758A37D2}.Debug|Win32.ActiveCfg = Debug|Win32
		{6ED03985-20F2-3E4C-8A10-4914758A37D2}.Debug|Win32.Build.0 = Debug|Win32
		{6ED03985-20F2-3E4C-8A10-4914758A37D2}.Release|Win32.ActiveCfg = Release|Win32
		{6ED03985-20F2-3E4C-8A10-4914758A37D2}.Release|Win32.Build.0 = Release|Win32
		{6ED03985-20F2-3E4C-8A10-4914758A37D2}.MinSizeRel|Win32.ActiveCfg = MinSizeRel|Win32
		{6ED03985-20F2-3E4C-8A10-4914758A37D2}.MinSizeRel|Win32.Build.0 = MinSizeRel|Win32
		{6ED03985-20F2-3E4C-8A10-4914758A37D2}.RelWithDebInfo|Win32.ActiveCfg = RelWithDebInfo|Win32
		{6ED03985-20F2-3E4C-8A10-4914758A37D2}.RelWithDebInfo|Win32.Build.0 = RelWithDebInfo|Win32
		{266B3164-EA72-3080-9465-830E80BCBB9A}.Debug|Win32.ActiveCfg = Debug|Win32
		{266B3164-EA72-3080-9465-830E80BCBB9A}.Debug|Win32.Build.0 = Debug|Win32
		{266B3164-EA72-3080-9465-830E80BCBB9A}.Release|Win32.ActiveCfg = Release|Win32
		{266B3164-EA72-3080-9465-830E80BCBB9A}.Release|Win32.Build.0 = Release|Win32
		{266B3164-EA72-3080-9465-830E80BCBB9A}.MinSizeRel|Win32.ActiveCfg = MinSizeRel|Win32
		{266B3164-EA72-3080-9465-830E80BCBB9A}.MinSizeRel|Win32.Build.0 = MinSizeRel|Win32
		{266B3164-EA72-3080-9465-830E80BCBB9A}.RelWithDebInfo|Win32.ActiveCfg = RelWithDebInfo|Win32
		{266B3164-EA72-3080-9465-830E80BCBB9A}.RelWithDebInfo|Win32.Build.0 = RelWithDebInfo|Win32
		{74E2F5C2-ABE5-375D-997A-C883E10BFE2E}.Debug|Win32.ActiveCfg = Debug|Win32
		{74E2F5C2-ABE5-375D-997A-C883E10BFE2E}.Debug|Win32.Build.0 = Debug|Win32
		{74E2F5C2-ABE5-375D-997A-C883E10BFE2E}.Release|Win32.ActiveCfg = Release|Win32
		{74E2F5C2-ABE5-375D-997A-C883E10BFE2E}.Release|Win32.Build.0 = Release|Win32
		{74E2F5C2-ABE5-375D-997A-C883E10BFE2E}.MinSizeRel|Win32.ActiveCfg = MinSizeRel|Win32
		{74E2F5C2-ABE5-375D-997A-C883E10BFE2E}.MinSizeRel|Win32.Build.0 = MinSizeRel|Win32
		{74E2F5C2-ABE5-375D-997A-C883E10BFE2E}.RelWithDebInfo|Win32.ActiveCfg = RelWithDebInfo|Win32
		{74E2F5C2-ABE5-375D-997A-C883E10BFE2E}.RelWithDebInfo|Win32.Build.0 = RelWithDebInfo|Win32
		{2684342B-AF9A-31C7-BD06-1647F84A97B5}.Debug|Win32.ActiveCfg = Debug|Win32
		{2684342B-AF9A-31C7-BD06-1647F84A97B5}.Debug|Win32.Build.0 = Debug|Win32
		{2684342B-AF9A-31C7-BD06-1647F84A97B5}.Release|Win32.ActiveCfg = Release|Win32
		{2684342B-AF9A-31C7-BD06-1647F84A97B5}.Release|Win32.Build.0 = Release|Win32
		{2684342B-AF9A-31C7-BD06-1647F84A97B5}.MinSizeRel|Win32.ActiveCfg = MinSizeRel|Win32
		{2684342B-AF9A-31C7-BD06-1647F84A97B5}.MinSizeRel|Win32.Build.0 = MinSizeRel|Win32
		{2684342B-AF9A-31C7-BD06-1647F84A97B5}.RelWithDebInfo|Win32.ActiveCfg = RelWithDebInfo|Win32
		{2684342B-AF9A-31C7-BD06-1647F84A97B5}.RelWithDebInfo|Win32.Build.0 = RelWithDebInfo|Win32
		{EBA1CFEC-135E-3064-B136-63D4DC019E82}.Debug|Win32.ActiveCfg = Debug|Win32
		{EBA1CFEC-135E-3064-B136-63D4DC019E82}.Debug|Win32.Build.0 = Debug|Win32
		{EBA1CFEC-135E-3064-B136-63D4DC019E82}.Release|Win32.ActiveCfg = Release|Win32
		{EBA1CFEC-135E-3064-B136-63D4DC019E82}.Release|Win32.Build.0 = Release|Win32
		{EBA1CFEC-135E-3064-B136-63D4DC019E82}.MinSizeRel|Win32.ActiveCfg = MinSizeRel|Win32
		{EBA1CFEC-135E-3064-B136-63D4DC019E82}.MinSizeRel|Win32.Build.0 = MinSizeRel|Win32
		{EBA1CFEC-135E-3064-B136-63D4DC019E82}.RelWithDebInfo|Win32.ActiveCfg = RelWithDebInfo|Win32
		{EBA1CFEC-135E-3064-B136-63D4DC019E82}.RelWithDebInfo|Win32.Build.0 = RelWithDebInfo|Win32
		{8DB80397-8BA7-3D60-BEE8-567DDC82600C}.Debug|Win32.ActiveCfg = Debug|Win32
		{8DB80397-8BA7-3D60-BEE8-567DDC82600C}.Release|Win32.ActiveCfg = Release|Win32
		{8DB80397-8BA7-3D60-BEE8-567DDC82600C}.MinSizeRel|Win32.ActiveCfg = MinSizeRel|Win32
		{8DB80397-8BA7-3D60-BEE8-567DDC82600C}.RelWithDebInfo|Win32.ActiveCfg = RelWithDebInfo|Win32
		{25576AD1-B468-3AAC-A411-E6AC3AEE3C3F}.Debug|Win32.ActiveCfg = Debug|Win32
		{25576AD1-B468-3AAC-A411-E6AC3AEE3C3F}.Release|Win32.ActiveCfg = Release|Win32
		{25576AD1-B468-3AAC-A411-E6AC3AEE3C3F}.MinSizeRel|Win32.ActiveCfg = MinSizeRel|Win32
		{25576AD1-B468-3AAC-A411-E6AC3AEE3C3F}.RelWithDebInfo|Win32.ActiveCfg = RelWithDebInfo|Win32
		{BD3BA82D-6956-35C1-A684-6B2683A86DFF}.Debug|Win32.ActiveCfg = Debug|Win32
		{BD3BA82D-6956-35C1-A684-6B2683A86DFF}.Debug|Win32.Build.0 = Debug|Win32
		{BD3BA82D-6956-35C1-A684-6B2683A86DFF}.Release|Win32.ActiveCfg = Release|Win32
		{BD3BA82D-6956-35C1-A684-6B2683A86DFF}.Release|Win32.Build.0 = Release|Win32
		{BD3BA82D-6956-35C1-A684-6B2683A86DFF}.MinSizeRel|Win32.ActiveCfg = MinSizeRel|Win32
		{BD3BA82D-6956-35C1-A684-6B2683A86DFF}.MinSizeRel|Win32.Build.0 = MinSizeRel|Win32
		{BD3BA82D-6956-35C1-A684-6B2683A86DFF}.RelWithDebInfo|Win32.ActiveCfg = RelWithDebInfo|Win32
		{BD3BA82D-6956-35C1-A684-6B2683A86DFF}.RelWithDebInfo|Win32.Build.0 = RelWithDebInfo|Win32
		{51EF9EEC-7D56-316B-ABA6-B5F8543C285E}.Debug|Win32.ActiveCfg = Debug|Win32
		{51EF9EEC-7D56-316B-ABA6-B5F8543C285E}.Debug|Win32.Build.0 = Debug|Win32
		{51EF9EEC-7D56-316B-ABA6-B5F8543C285E}.Release|Win32.ActiveCfg = Release|Win32
		{51EF9EEC-7D56-316B-ABA6-B5F8543C285E}.Release|Win32.Build.0 = Release|Win32
		{51EF9EEC-7D56-316B-ABA6-B5F8543C285E}.MinSizeRel|Win32.ActiveCfg = MinSizeRel|Win32
		{51EF9EEC-7D56-316B-ABA6-B5F8543C285E}.MinSizeRel|Win32.Build.0 = MinSizeRel|Win32
		{51EF9EEC-7D56-316B-ABA6-B5F8543C285E}.RelWithDebInfo|Win32.ActiveCfg = RelWithDebInfo|Win32
		{51EF9EEC-7D56-316B-ABA6-B5F8543C285E}.RelWithDebInfo|Win32.Build.0 = RelWithDebInfo|Win32
		{74E68A2F-3116-36A4-855A-6399658AEBE3}.Debug|Win32.ActiveCfg = Debug|Win32
		{74E68A2F-3116-36A4-855A-6399658AEBE3}.Debug|Win32.Build.0 = Debug|Win32
		{74E68A2F-3116-36A4-855A-6399658AEBE3}.Release|Win32.ActiveCfg = Release|Win32
		{74E68A2F-3116-36A4-855A-6399658AEBE3}.Release|Win32.Build.0 = Release|Win32
		{74E68A2F-3116-36A4-855A-6399658AEBE3}.MinSizeRel|Win32.ActiveCfg = MinSizeRel|Win32
		{74E68A2F-3116-36A4-855A-6399658AEBE3}.MinSizeRel|Win32.Build.0 = MinSizeRel|Win32
		{74E68A2F-3116-36A4-855A-6399658AEBE3}.RelWithDebInfo|Win32.ActiveCfg = RelWithDebInfo|Win32
		{74E68A2F-3116-36A4-855A-6399658AEBE3}.RelWithDebInfo|Win32.Build.0 = RelWithDebInfo|Win32
		{028B0557-90AF-3303-A517-163422546277}.Debug|Win32.ActiveCfg = Debug|Win32
		{028B0557-90AF-3303-A517-163422546277}.Release|Win32.ActiveCfg = Release|Win32
		{028B0557-90AF-3303-A517-163422546277}.MinSizeRel|Win32.ActiveCfg = MinSizeRel|Win32
		{028B0557-90AF-3303-A517-163422546277}.RelWithDebInfo|Win32.ActiveCfg = RelWithDebInfo|Win32
	EndGlobalSection
	GlobalSection(ExtensibilityGlobals) = postSolution
	EndGlobalSection
	GlobalSection(ExtensibilityAddIns) = postSolution
	EndGlobalSection
EndGlobal
