<?xml version="1.0" encoding="UTF-8"?>
<Project ToolsVersion="12.0" xmlns="http://schemas.microsoft.com/developer/msbuild/2003">
  <ItemGroup>
    <ClCompile Include="C:\Users\VizLab\Desktop\stellarium\stellarium-0.15.1\plugins\TelescopeControl\src\clients\InterpolatedPosition.cpp">
      <Filter>Source Files</Filter>
    </ClCompile>
    <ClCompile Include="C:\Users\VizLab\Desktop\stellarium\stellarium-0.15.1\plugins\TelescopeControl\src\clients\TelescopeClient.cpp">
      <Filter>Source Files</Filter>
    </ClCompile>
    <ClCompile Include="C:\Users\VizLab\Desktop\stellarium\stellarium-0.15.1\plugins\TelescopeControl\src\clients\TelescopeClientDirectLx200.cpp">
      <Filter>Source Files</Filter>
    </ClCompile>
    <ClCompile Include="C:\Users\VizLab\Desktop\stellarium\stellarium-0.15.1\plugins\TelescopeControl\src\clients\TelescopeClientDirectNexStar.cpp">
      <Filter>Source Files</Filter>
    </ClCompile>
    <ClCompile Include="C:\Users\VizLab\Desktop\stellarium\stellarium-0.15.1\plugins\TelescopeControl\src\TelescopeControl.cpp">
      <Filter>Source Files</Filter>
    </ClCompile>
    <ClCompile Include="C:\Users\VizLab\Desktop\stellarium\stellarium-0.15.1\plugins\TelescopeControl\src\gui\SlewDialog.cpp">
      <Filter>Source Files</Filter>
    </ClCompile>
    <ClCompile Include="C:\Users\VizLab\Desktop\stellarium\stellarium-0.15.1\plugins\TelescopeControl\src\gui\TelescopeDialog.cpp">
      <Filter>Source Files</Filter>
    </ClCompile>
    <ClCompile Include="C:\Users\VizLab\Desktop\stellarium\stellarium-0.15.1\plugins\TelescopeControl\src\gui\TelescopeConfigurationDialog.cpp">
      <Filter>Source Files</Filter>
    </ClCompile>
    <ClCompile Include="C:\Users\VizLab\Desktop\stellarium\stellarium-0.15.1\plugins\TelescopeControl\src\gui\StoredPointsDialog.cpp">
      <Filter>Source Files</Filter>
    </ClCompile>
    <ClCompile Include="C:\Users\VizLab\Desktop\stellarium\stellarium-0.15.1\plugins\TelescopeControl\src\servers\LogFile.cpp">
      <Filter>Source Files</Filter>
    </ClCompile>
    <ClCompile Include="C:\Users\VizLab\Desktop\stellarium\stellarium-0.15.1\plugins\TelescopeControl\src\servers\Socket.cpp">
      <Filter>Source Files</Filter>
    </ClCompile>
    <ClCompile Include="C:\Users\VizLab\Desktop\stellarium\stellarium-0.15.1\plugins\TelescopeControl\src\servers\Server.cpp">
      <Filter>Source Files</Filter>
    </ClCompile>
    <ClCompile Include="C:\Users\VizLab\Desktop\stellarium\stellarium-0.15.1\plugins\TelescopeControl\src\servers\Connection.cpp">
      <Filter>Source Files</Filter>
    </ClCompile>
    <ClCompile Include="C:\Users\VizLab\Desktop\stellarium\stellarium-0.15.1\plugins\TelescopeControl\src\servers\SerialPort.cpp">
      <Filter>Source Files</Filter>
    </ClCompile>
    <ClCompile Include="C:\Users\VizLab\Desktop\stellarium\stellarium-0.15.1\plugins\TelescopeControl\src\servers\Lx200Connection.cpp">
      <Filter>Source Files</Filter>
    </ClCompile>
    <ClCompile Include="C:\Users\VizLab\Desktop\stellarium\stellarium-0.15.1\plugins\TelescopeControl\src\servers\Lx200Command.cpp">
      <Filter>Source Files</Filter>
    </ClCompile>
    <ClCompile Include="C:\Users\VizLab\Desktop\stellarium\stellarium-0.15.1\plugins\TelescopeControl\src\servers\NexStarConnection.cpp">
      <Filter>Source Files</Filter>
    </ClCompile>
    <ClCompile Include="C:\Users\VizLab\Desktop\stellarium\stellarium-0.15.1\plugins\TelescopeControl\src\servers\NexStarCommand.cpp">
      <Filter>Source Files</Filter>
    </ClCompile>
    <ClCompile Include="C:\Users\VizLab\Desktop\stellarium\stellarium-0.15.1\builds\msvc2013\plugins\TelescopeControl\src\qrc_TelescopeControl.cpp">
      <Filter>Source Files</Filter>
    </ClCompile>
    <ClCompile Include="C:\Users\VizLab\Desktop\stellarium\stellarium-0.15.1\builds\msvc2013\plugins\TelescopeControl\src\TelescopeControl-static_automoc.cpp">
      <Filter>Source Files</Filter>
    </ClCompile>
  </ItemGroup>
  <ItemGroup>
    <ClInclude Include="C:\Users\VizLab\Desktop\stellarium\stellarium-0.15.1\plugins\TelescopeControl\src\TelescopeControlGlobals.hpp">
      <Filter>Header Files</Filter>
    </ClInclude>
    <ClInclude Include="C:\Users\VizLab\Desktop\stellarium\stellarium-0.15.1\plugins\TelescopeControl\src\clients\InterpolatedPosition.hpp">
      <Filter>Header Files</Filter>
    </ClInclude>
    <ClInclude Include="C:\Users\VizLab\Desktop\stellarium\stellarium-0.15.1\plugins\TelescopeControl\src\clients\TelescopeClient.hpp">
      <Filter>Header Files</Filter>
    </ClInclude>
    <ClInclude Include="C:\Users\VizLab\Desktop\stellarium\stellarium-0.15.1\plugins\TelescopeControl\src\clients\TelescopeClientDirectLx200.hpp">
      <Filter>Header Files</Filter>
    </ClInclude>
    <ClInclude Include="C:\Users\VizLab\Desktop\stellarium\stellarium-0.15.1\plugins\TelescopeControl\src\clients\TelescopeClientDirectNexStar.hpp">
      <Filter>Header Files</Filter>
    </ClInclude>
    <ClInclude Include="C:\Users\VizLab\Desktop\stellarium\stellarium-0.15.1\plugins\TelescopeControl\src\TelescopeControl.hpp">
      <Filter>Header Files</Filter>
    </ClInclude>
    <ClInclude Include="C:\Users\VizLab\Desktop\stellarium\stellarium-0.15.1\plugins\TelescopeControl\src\gui\SlewDialog.hpp">
      <Filter>Header Files</Filter>
    </ClInclude>
    <ClInclude Include="C:\Users\VizLab\Desktop\stellarium\stellarium-0.15.1\plugins\TelescopeControl\src\gui\TelescopeDialog.hpp">
      <Filter>Header Files</Filter>
    </ClInclude>
    <ClInclude Include="C:\Users\VizLab\Desktop\stellarium\stellarium-0.15.1\plugins\TelescopeControl\src\gui\TelescopeConfigurationDialog.hpp">
      <Filter>Header Files</Filter>
    </ClInclude>
    <ClInclude Include="C:\Users\VizLab\Desktop\stellarium\stellarium-0.15.1\plugins\TelescopeControl\src\gui\StoredPointsDialog.hpp">
      <Filter>Header Files</Filter>
    </ClInclude>
    <ClInclude Include="C:\Users\VizLab\Desktop\stellarium\stellarium-0.15.1\plugins\TelescopeControl\src\servers\LogFile.hpp">
      <Filter>Header Files</Filter>
    </ClInclude>
    <ClInclude Include="C:\Users\VizLab\Desktop\stellarium\stellarium-0.15.1\plugins\TelescopeControl\src\servers\Socket.hpp">
      <Filter>Header Files</Filter>
    </ClInclude>
    <ClInclude Include="C:\Users\VizLab\Desktop\stellarium\stellarium-0.15.1\plugins\TelescopeControl\src\servers\Server.hpp">
      <Filter>Header Files</Filter>
    </ClInclude>
    <ClInclude Include="C:\Users\VizLab\Desktop\stellarium\stellarium-0.15.1\plugins\TelescopeControl\src\servers\Connection.hpp">
      <Filter>Header Files</Filter>
    </ClInclude>
    <ClInclude Include="C:\Users\VizLab\Desktop\stellarium\stellarium-0.15.1\plugins\TelescopeControl\src\servers\SerialPort.hpp">
      <Filter>Header Files</Filter>
    </ClInclude>
    <ClInclude Include="C:\Users\VizLab\Desktop\stellarium\stellarium-0.15.1\plugins\TelescopeControl\src\servers\Lx200Connection.hpp">
      <Filter>Header Files</Filter>
    </ClInclude>
    <ClInclude Include="C:\Users\VizLab\Desktop\stellarium\stellarium-0.15.1\plugins\TelescopeControl\src\servers\Lx200Command.hpp">
      <Filter>Header Files</Filter>
    </ClInclude>
    <ClInclude Include="C:\Users\VizLab\Desktop\stellarium\stellarium-0.15.1\plugins\TelescopeControl\src\servers\NexStarConnection.hpp">
      <Filter>Header Files</Filter>
    </ClInclude>
    <ClInclude Include="C:\Users\VizLab\Desktop\stellarium\stellarium-0.15.1\plugins\TelescopeControl\src\servers\NexStarCommand.hpp">
      <Filter>Header Files</Filter>
    </ClInclude>
    <ClInclude Include="C:\Users\VizLab\Desktop\stellarium\stellarium-0.15.1\builds\msvc2013\plugins\TelescopeControl\src\ui_slewDialog.h">
      <Filter>Header Files</Filter>
    </ClInclude>
    <ClInclude Include="C:\Users\VizLab\Desktop\stellarium\stellarium-0.15.1\builds\msvc2013\plugins\TelescopeControl\src\ui_telescopeDialog.h">
      <Filter>Header Files</Filter>
    </ClInclude>
    <ClInclude Include="C:\Users\VizLab\Desktop\stellarium\stellarium-0.15.1\builds\msvc2013\plugins\TelescopeControl\src\ui_telescopeConfigurationDialog.h">
      <Filter>Header Files</Filter>
    </ClInclude>
    <ClInclude Include="C:\Users\VizLab\Desktop\stellarium\stellarium-0.15.1\builds\msvc2013\plugins\TelescopeControl\src\ui_storedPointsDialog.h">
      <Filter>Header Files</Filter>
    </ClInclude>
  </ItemGroup>
  <ItemGroup>
    <CustomBuild Include="C:\Users\VizLab\Desktop\stellarium\stellarium-0.15.1\plugins\TelescopeControl\src\CMakeLists.txt" />
    <CustomBuild Include="C:\Users\VizLab\Desktop\stellarium\stellarium-0.15.1\plugins\TelescopeControl\resources\TelescopeControl.qrc" />
    <CustomBuild Include="C:\Users\VizLab\Desktop\stellarium\stellarium-0.15.1\plugins\TelescopeControl\src\gui\slewDialog.ui" />
    <CustomBuild Include="C:\Users\VizLab\Desktop\stellarium\stellarium-0.15.1\plugins\TelescopeControl\src\gui\telescopeDialog.ui" />
    <CustomBuild Include="C:\Users\VizLab\Desktop\stellarium\stellarium-0.15.1\plugins\TelescopeControl\src\gui\telescopeConfigurationDialog.ui" />
    <CustomBuild Include="C:\Users\VizLab\Desktop\stellarium\stellarium-0.15.1\plugins\TelescopeControl\src\gui\storedPointsDialog.ui" />
  </ItemGroup>
  <ItemGroup>
    <Filter Include="Source Files">
      <UniqueIdentifier>{A199443D-0E93-36FD-86E9-B16A8F15420F}</UniqueIdentifier>
    </Filter>
    <Filter Include="Header Files">
      <UniqueIdentifier>{DC05B862-2114-309E-BF00-121AE70D1F94}</UniqueIdentifier>
    </Filter>
  </ItemGroup>
</Project>
