<?xml version="1.0" encoding="UTF-8"?>
<Project ToolsVersion="12.0" xmlns="http://schemas.microsoft.com/developer/msbuild/2003">
  <ItemGroup>
    <ClCompile Include="C:\Users\VizLab\Desktop\stellarium\stellarium-0.15.1\src\tests\testStelSphericalIndex.cpp">
      <Filter>Source Files</Filter>
    </ClCompile>
    <ClCompile Include="C:\Users\VizLab\Desktop\stellarium\stellarium-0.15.1\src\core\StelSphericalIndex.cpp">
      <Filter>Source Files</Filter>
    </ClCompile>
    <ClCompile Include="C:\Users\VizLab\Desktop\stellarium\stellarium-0.15.1\src\core\StelSphereGeometry.cpp">
      <Filter>Source Files</Filter>
    </ClCompile>
    <ClCompile Include="C:\Users\VizLab\Desktop\stellarium\stellarium-0.15.1\src\core\StelVertexArray.cpp">
      <Filter>Source Files</Filter>
    </ClCompile>
    <ClCompile Include="C:\Users\VizLab\Desktop\stellarium\stellarium-0.15.1\src\core\OctahedronPolygon.cpp">
      <Filter>Source Files</Filter>
    </ClCompile>
    <ClCompile Include="C:\Users\VizLab\Desktop\stellarium\stellarium-0.15.1\src\core\StelJsonParser.cpp">
      <Filter>Source Files</Filter>
    </ClCompile>
    <ClCompile Include="C:\Users\VizLab\Desktop\stellarium\stellarium-0.15.1\src\core\StelUtils.cpp">
      <Filter>Source Files</Filter>
    </ClCompile>
    <ClCompile Include="C:\Users\VizLab\Desktop\stellarium\stellarium-0.15.1\src\core\StelProjector.cpp">
      <Filter>Source Files</Filter>
    </ClCompile>
    <ClCompile Include="C:\Users\VizLab\Desktop\stellarium\stellarium-0.15.1\src\core\StelTranslator.cpp">
      <Filter>Source Files</Filter>
    </ClCompile>
    <ClCompile Include="C:\Users\VizLab\Desktop\stellarium\stellarium-0.15.1\src\core\StelFileMgr.cpp">
      <Filter>Source Files</Filter>
    </ClCompile>
    <ClCompile Include="C:\Users\VizLab\Desktop\stellarium\stellarium-0.15.1\src\core\external\glues_stel\source\glues_error.c">
      <Filter>Source Files</Filter>
    </ClCompile>
    <ClCompile Include="C:\Users\VizLab\Desktop\stellarium\stellarium-0.15.1\src\core\external\glues_stel\source\libtess\dict.c">
      <Filter>Source Files</Filter>
    </ClCompile>
    <ClCompile Include="C:\Users\VizLab\Desktop\stellarium\stellarium-0.15.1\src\core\external\glues_stel\source\libtess\geom.c">
      <Filter>Source Files</Filter>
    </ClCompile>
    <ClCompile Include="C:\Users\VizLab\Desktop\stellarium\stellarium-0.15.1\src\core\external\glues_stel\source\libtess\memalloc.c">
      <Filter>Source Files</Filter>
    </ClCompile>
    <ClCompile Include="C:\Users\VizLab\Desktop\stellarium\stellarium-0.15.1\src\core\external\glues_stel\source\libtess\mesh.c">
      <Filter>Source Files</Filter>
    </ClCompile>
    <ClCompile Include="C:\Users\VizLab\Desktop\stellarium\stellarium-0.15.1\src\core\external\glues_stel\source\libtess\normal.c">
      <Filter>Source Files</Filter>
    </ClCompile>
    <ClCompile Include="C:\Users\VizLab\Desktop\stellarium\stellarium-0.15.1\src\core\external\glues_stel\source\libtess\priorityq.c">
      <Filter>Source Files</Filter>
    </ClCompile>
    <ClCompile Include="C:\Users\VizLab\Desktop\stellarium\stellarium-0.15.1\src\core\external\glues_stel\source\libtess\render.c">
      <Filter>Source Files</Filter>
    </ClCompile>
    <ClCompile Include="C:\Users\VizLab\Desktop\stellarium\stellarium-0.15.1\src\core\external\glues_stel\source\libtess\sweep.c">
      <Filter>Source Files</Filter>
    </ClCompile>
    <ClCompile Include="C:\Users\VizLab\Desktop\stellarium\stellarium-0.15.1\src\core\external\glues_stel\source\libtess\tess.c">
      <Filter>Source Files</Filter>
    </ClCompile>
    <ClCompile Include="C:\Users\VizLab\Desktop\stellarium\stellarium-0.15.1\src\core\external\glues_stel\source\libtess\tessmono.c">
      <Filter>Source Files</Filter>
    </ClCompile>
    <ClCompile Include="C:\Users\VizLab\Desktop\stellarium\stellarium-0.15.1\src\core\external\zlib\adler32.c">
      <Filter>Source Files</Filter>
    </ClCompile>
    <ClCompile Include="C:\Users\VizLab\Desktop\stellarium\stellarium-0.15.1\src\core\external\zlib\compress.c">
      <Filter>Source Files</Filter>
    </ClCompile>
    <ClCompile Include="C:\Users\VizLab\Desktop\stellarium\stellarium-0.15.1\src\core\external\zlib\crc32.c">
      <Filter>Source Files</Filter>
    </ClCompile>
    <ClCompile Include="C:\Users\VizLab\Desktop\stellarium\stellarium-0.15.1\src\core\external\zlib\deflate.c">
      <Filter>Source Files</Filter>
    </ClCompile>
    <ClCompile Include="C:\Users\VizLab\Desktop\stellarium\stellarium-0.15.1\src\core\external\zlib\gzclose.c">
      <Filter>Source Files</Filter>
    </ClCompile>
    <ClCompile Include="C:\Users\VizLab\Desktop\stellarium\stellarium-0.15.1\src\core\external\zlib\gzlib.c">
      <Filter>Source Files</Filter>
    </ClCompile>
    <ClCompile Include="C:\Users\VizLab\Desktop\stellarium\stellarium-0.15.1\src\core\external\zlib\gzread.c">
      <Filter>Source Files</Filter>
    </ClCompile>
    <ClCompile Include="C:\Users\VizLab\Desktop\stellarium\stellarium-0.15.1\src\core\external\zlib\gzwrite.c">
      <Filter>Source Files</Filter>
    </ClCompile>
    <ClCompile Include="C:\Users\VizLab\Desktop\stellarium\stellarium-0.15.1\src\core\external\zlib\infback.c">
      <Filter>Source Files</Filter>
    </ClCompile>
    <ClCompile Include="C:\Users\VizLab\Desktop\stellarium\stellarium-0.15.1\src\core\external\zlib\inffast.c">
      <Filter>Source Files</Filter>
    </ClCompile>
    <ClCompile Include="C:\Users\VizLab\Desktop\stellarium\stellarium-0.15.1\src\core\external\zlib\inflate.c">
      <Filter>Source Files</Filter>
    </ClCompile>
    <ClCompile Include="C:\Users\VizLab\Desktop\stellarium\stellarium-0.15.1\src\core\external\zlib\inftrees.c">
      <Filter>Source Files</Filter>
    </ClCompile>
    <ClCompile Include="C:\Users\VizLab\Desktop\stellarium\stellarium-0.15.1\src\core\external\zlib\trees.c">
      <Filter>Source Files</Filter>
    </ClCompile>
    <ClCompile Include="C:\Users\VizLab\Desktop\stellarium\stellarium-0.15.1\src\core\external\zlib\uncompr.c">
      <Filter>Source Files</Filter>
    </ClCompile>
    <ClCompile Include="C:\Users\VizLab\Desktop\stellarium\stellarium-0.15.1\src\core\external\zlib\zutil.c">
      <Filter>Source Files</Filter>
    </ClCompile>
    <ClCompile Include="C:\Users\VizLab\Desktop\stellarium\stellarium-0.15.1\builds\msvc2013\src\testStelSphericalIndex_automoc.cpp">
      <Filter>Source Files</Filter>
    </ClCompile>
  </ItemGroup>
  <ItemGroup>
    <ClInclude Include="C:\Users\VizLab\Desktop\stellarium\stellarium-0.15.1\src\tests\testStelSphericalIndex.hpp">
      <Filter>Header Files</Filter>
    </ClInclude>
    <ClInclude Include="C:\Users\VizLab\Desktop\stellarium\stellarium-0.15.1\src\core\StelSphericalIndex.hpp">
      <Filter>Header Files</Filter>
    </ClInclude>
    <ClInclude Include="C:\Users\VizLab\Desktop\stellarium\stellarium-0.15.1\src\core\StelSphereGeometry.hpp">
      <Filter>Header Files</Filter>
    </ClInclude>
    <ClInclude Include="C:\Users\VizLab\Desktop\stellarium\stellarium-0.15.1\src\core\StelVertexArray.hpp">
      <Filter>Header Files</Filter>
    </ClInclude>
    <ClInclude Include="C:\Users\VizLab\Desktop\stellarium\stellarium-0.15.1\src\core\OctahedronPolygon.hpp">
      <Filter>Header Files</Filter>
    </ClInclude>
    <ClInclude Include="C:\Users\VizLab\Desktop\stellarium\stellarium-0.15.1\src\core\StelJsonParser.hpp">
      <Filter>Header Files</Filter>
    </ClInclude>
    <ClInclude Include="C:\Users\VizLab\Desktop\stellarium\stellarium-0.15.1\src\core\StelUtils.hpp">
      <Filter>Header Files</Filter>
    </ClInclude>
    <ClInclude Include="C:\Users\VizLab\Desktop\stellarium\stellarium-0.15.1\src\core\StelProjector.hpp">
      <Filter>Header Files</Filter>
    </ClInclude>
    <ClInclude Include="C:\Users\VizLab\Desktop\stellarium\stellarium-0.15.1\src\core\StelTranslator.hpp">
      <Filter>Header Files</Filter>
    </ClInclude>
    <ClInclude Include="C:\Users\VizLab\Desktop\stellarium\stellarium-0.15.1\src\core\StelFileMgr.hpp">
      <Filter>Header Files</Filter>
    </ClInclude>
    <ClInclude Include="C:\Users\VizLab\Desktop\stellarium\stellarium-0.15.1\src\core\external\glues_stel\source\glues_error.h">
      <Filter>Header Files</Filter>
    </ClInclude>
    <ClInclude Include="C:\Users\VizLab\Desktop\stellarium\stellarium-0.15.1\src\core\external\glues_stel\source\glues.h">
      <Filter>Header Files</Filter>
    </ClInclude>
    <ClInclude Include="C:\Users\VizLab\Desktop\stellarium\stellarium-0.15.1\src\core\external\glues_stel\source\libtess\dict.h">
      <Filter>Header Files</Filter>
    </ClInclude>
    <ClInclude Include="C:\Users\VizLab\Desktop\stellarium\stellarium-0.15.1\src\core\external\glues_stel\source\libtess\dict-list.h">
      <Filter>Header Files</Filter>
    </ClInclude>
    <ClInclude Include="C:\Users\VizLab\Desktop\stellarium\stellarium-0.15.1\src\core\external\glues_stel\source\libtess\geom.h">
      <Filter>Header Files</Filter>
    </ClInclude>
    <ClInclude Include="C:\Users\VizLab\Desktop\stellarium\stellarium-0.15.1\src\core\external\glues_stel\source\libtess\memalloc.h">
      <Filter>Header Files</Filter>
    </ClInclude>
    <ClInclude Include="C:\Users\VizLab\Desktop\stellarium\stellarium-0.15.1\src\core\external\glues_stel\source\libtess\mesh.h">
      <Filter>Header Files</Filter>
    </ClInclude>
    <ClInclude Include="C:\Users\VizLab\Desktop\stellarium\stellarium-0.15.1\src\core\external\glues_stel\source\libtess\normal.h">
      <Filter>Header Files</Filter>
    </ClInclude>
    <ClInclude Include="C:\Users\VizLab\Desktop\stellarium\stellarium-0.15.1\src\core\external\glues_stel\source\libtess\priorityq.h">
      <Filter>Header Files</Filter>
    </ClInclude>
    <ClInclude Include="C:\Users\VizLab\Desktop\stellarium\stellarium-0.15.1\src\core\external\glues_stel\source\libtess\priorityq-heap.h">
      <Filter>Header Files</Filter>
    </ClInclude>
    <ClInclude Include="C:\Users\VizLab\Desktop\stellarium\stellarium-0.15.1\src\core\external\glues_stel\source\libtess\priorityq-sort.h">
      <Filter>Header Files</Filter>
    </ClInclude>
    <ClInclude Include="C:\Users\VizLab\Desktop\stellarium\stellarium-0.15.1\src\core\external\glues_stel\source\libtess\render.h">
      <Filter>Header Files</Filter>
    </ClInclude>
    <ClInclude Include="C:\Users\VizLab\Desktop\stellarium\stellarium-0.15.1\src\core\external\glues_stel\source\libtess\sweep.h">
      <Filter>Header Files</Filter>
    </ClInclude>
    <ClInclude Include="C:\Users\VizLab\Desktop\stellarium\stellarium-0.15.1\src\core\external\glues_stel\source\libtess\tess.h">
      <Filter>Header Files</Filter>
    </ClInclude>
    <ClInclude Include="C:\Users\VizLab\Desktop\stellarium\stellarium-0.15.1\src\core\external\glues_stel\source\libtess\tessmono.h">
      <Filter>Header Files</Filter>
    </ClInclude>
    <ClInclude Include="C:\Users\VizLab\Desktop\stellarium\stellarium-0.15.1\src\core\external\zlib\crc32.h">
      <Filter>Header Files</Filter>
    </ClInclude>
    <ClInclude Include="C:\Users\VizLab\Desktop\stellarium\stellarium-0.15.1\src\core\external\zlib\deflate.h">
      <Filter>Header Files</Filter>
    </ClInclude>
    <ClInclude Include="C:\Users\VizLab\Desktop\stellarium\stellarium-0.15.1\src\core\external\zlib\gzguts.h">
      <Filter>Header Files</Filter>
    </ClInclude>
    <ClInclude Include="C:\Users\VizLab\Desktop\stellarium\stellarium-0.15.1\src\core\external\zlib\inffast.h">
      <Filter>Header Files</Filter>
    </ClInclude>
    <ClInclude Include="C:\Users\VizLab\Desktop\stellarium\stellarium-0.15.1\src\core\external\zlib\inffixed.h">
      <Filter>Header Files</Filter>
    </ClInclude>
    <ClInclude Include="C:\Users\VizLab\Desktop\stellarium\stellarium-0.15.1\src\core\external\zlib\inflate.h">
      <Filter>Header Files</Filter>
    </ClInclude>
    <ClInclude Include="C:\Users\VizLab\Desktop\stellarium\stellarium-0.15.1\src\core\external\zlib\inftrees.h">
      <Filter>Header Files</Filter>
    </ClInclude>
    <ClInclude Include="C:\Users\VizLab\Desktop\stellarium\stellarium-0.15.1\src\core\external\zlib\trees.h">
      <Filter>Header Files</Filter>
    </ClInclude>
    <ClInclude Include="C:\Users\VizLab\Desktop\stellarium\stellarium-0.15.1\src\core\external\zlib\zconf.h">
      <Filter>Header Files</Filter>
    </ClInclude>
    <ClInclude Include="C:\Users\VizLab\Desktop\stellarium\stellarium-0.15.1\src\core\external\zlib\zlib.h">
      <Filter>Header Files</Filter>
    </ClInclude>
    <ClInclude Include="C:\Users\VizLab\Desktop\stellarium\stellarium-0.15.1\src\core\external\zlib\zutil.h">
      <Filter>Header Files</Filter>
    </ClInclude>
  </ItemGroup>
  <ItemGroup>
    <CustomBuild Include="C:\Users\VizLab\Desktop\stellarium\stellarium-0.15.1\src\CMakeLists.txt" />
  </ItemGroup>
  <ItemGroup>
    <None Include="C:\Users\VizLab\Desktop\stellarium\stellarium-0.15.1\src\core\external\glues_stel\source\libtess\priorityq-heap.i" />
  </ItemGroup>
  <ItemGroup>
    <Filter Include="Source Files">
      <UniqueIdentifier>{A199443D-0E93-36FD-86E9-B16A8F15420F}</UniqueIdentifier>
    </Filter>
    <Filter Include="Header Files">
      <UniqueIdentifier>{DC05B862-2114-309E-BF00-121AE70D1F94}</UniqueIdentifier>
    </Filter>
  </ItemGroup>
</Project>
